
Microsoft Visual Studio Solution File, Format Version 12.00
# Visual Studio 15
VisualStudioVersion = 15.0.27004.2009
MinimumVisualStudioVersion = 10.0.40219.1
Project("{FAE04EC0-301F-11D3-BF4B-00C04F79EFBC}") = "Machete.Service", "Machete.Service\Machete.Service.csproj", "{BA69BB65-147A-42D8-A6F5-5D1E57E2D783}"
EndProject
Project("{FAE04EC0-301F-11D3-BF4B-00C04F79EFBC}") = "Machete.Test", "Machete.Test\Machete.Test.csproj", "{E667CB78-E80E-4C45-9BDF-1E5EDA0478D3}"
EndProject
Project("{FAE04EC0-301F-11D3-BF4B-00C04F79EFBC}") = "Machete.Util", "Machete.Util\Machete.Util.csproj", "{2774F04F-8261-4E87-A9BA-5EE8E2807EE6}"
EndProject
Project("{FAE04EC0-301F-11D3-BF4B-00C04F79EFBC}") = "Machete.Domain", "Machete.Domain\Machete.Domain.csproj", "{48F672E8-4513-4F7E-A296-C0CCC87F9AA1}"
EndProject
Project("{FAE04EC0-301F-11D3-BF4B-00C04F79EFBC}") = "Machete.Data", "Machete.Data\Machete.Data.csproj", "{A9F879BC-CA11-4470-A655-8541B5DA41A1}"
EndProject
Project("{FAE04EC0-301F-11D3-BF4B-00C04F79EFBC}") = "Machete.Web", "Machete.Web\Machete.Web.csproj", "{D2C4C806-4D23-4E62-B96D-23BDAB953C73}"
	ProjectSection(ProjectDependencies) = postProject
		{C0D0505F-A72A-4570-8E62-1D54101D2046} = {C0D0505F-A72A-4570-8E62-1D54101D2046}
		{97C1F2FF-768A-4F2E-B7AB-0F91FC3711D2} = {97C1F2FF-768A-4F2E-B7AB-0F91FC3711D2}
	EndProjectSection
EndProject
Project("{2150E333-8FDC-42A3-9474-1A3956D46DE8}") = "Solution Items", "Solution Items", "{89877090-80EB-43A6-BF45-581CE80383CF}"
	ProjectSection(SolutionItems) = preProject
		.gitignore = .gitignore
		.gitmodules = .gitmodules
		README.md = README.md
		RELEASENOTES.md = RELEASENOTES.md
	EndProjectSection
EndProject
Project("{FAE04EC0-301F-11D3-BF4B-00C04F79EFBC}") = "Identity", "Identity\Identity.csproj", "{97C1F2FF-768A-4F2E-B7AB-0F91FC3711D2}"
EndProject
Project("{FAE04EC0-301F-11D3-BF4B-00C04F79EFBC}") = "Api", "Api\Api.csproj", "{C0D0505F-A72A-4570-8E62-1D54101D2046}"
EndProject
Global
	GlobalSection(Performance) = preSolution
		HasPerformanceSessions = true
	EndGlobalSection
	GlobalSection(SolutionConfigurationPlatforms) = preSolution
		Chaim|Any CPU = Chaim|Any CPU
		Chaim|Mixed Platforms = Chaim|Mixed Platforms
		Chaim|x86 = Chaim|x86
		Debug|Any CPU = Debug|Any CPU
		Debug|Mixed Platforms = Debug|Mixed Platforms
		Debug|x86 = Debug|x86
		Debug-no_nodejs_build|Any CPU = Debug-no_nodejs_build|Any CPU
		Debug-no_nodejs_build|Mixed Platforms = Debug-no_nodejs_build|Mixed Platforms
		Debug-no_nodejs_build|x86 = Debug-no_nodejs_build|x86
		Release|Any CPU = Release|Any CPU
		Release|Mixed Platforms = Release|Mixed Platforms
		Release|x86 = Release|x86
		UAT-test|Any CPU = UAT-test|Any CPU
		UAT-test|Mixed Platforms = UAT-test|Mixed Platforms
		UAT-test|x86 = UAT-test|x86
	EndGlobalSection
	GlobalSection(ProjectConfigurationPlatforms) = postSolution
		{BA69BB65-147A-42D8-A6F5-5D1E57E2D783}.Chaim|Any CPU.ActiveCfg = Chaim|Any CPU
		{BA69BB65-147A-42D8-A6F5-5D1E57E2D783}.Chaim|Any CPU.Build.0 = Chaim|Any CPU
		{BA69BB65-147A-42D8-A6F5-5D1E57E2D783}.Chaim|Mixed Platforms.ActiveCfg = Chaim|Any CPU
		{BA69BB65-147A-42D8-A6F5-5D1E57E2D783}.Chaim|Mixed Platforms.Build.0 = Chaim|Any CPU
		{BA69BB65-147A-42D8-A6F5-5D1E57E2D783}.Chaim|x86.ActiveCfg = Chaim|Any CPU
		{BA69BB65-147A-42D8-A6F5-5D1E57E2D783}.Chaim|x86.Build.0 = Chaim|Any CPU
		{BA69BB65-147A-42D8-A6F5-5D1E57E2D783}.Debug|Any CPU.ActiveCfg = Debug|Any CPU
		{BA69BB65-147A-42D8-A6F5-5D1E57E2D783}.Debug|Any CPU.Build.0 = Debug|Any CPU
		{BA69BB65-147A-42D8-A6F5-5D1E57E2D783}.Debug|Mixed Platforms.ActiveCfg = Debug|Any CPU
		{BA69BB65-147A-42D8-A6F5-5D1E57E2D783}.Debug|Mixed Platforms.Build.0 = Debug|Any CPU
		{BA69BB65-147A-42D8-A6F5-5D1E57E2D783}.Debug|x86.ActiveCfg = Debug|Any CPU
		{BA69BB65-147A-42D8-A6F5-5D1E57E2D783}.Debug|x86.Build.0 = Debug|Any CPU
		{BA69BB65-147A-42D8-A6F5-5D1E57E2D783}.Debug-no_nodejs_build|Any CPU.ActiveCfg = Debug-no_nodejs_build|Any CPU
		{BA69BB65-147A-42D8-A6F5-5D1E57E2D783}.Debug-no_nodejs_build|Any CPU.Build.0 = Debug-no_nodejs_build|Any CPU
		{BA69BB65-147A-42D8-A6F5-5D1E57E2D783}.Debug-no_nodejs_build|Mixed Platforms.ActiveCfg = Debug-no_nodejs_build|Any CPU
		{BA69BB65-147A-42D8-A6F5-5D1E57E2D783}.Debug-no_nodejs_build|Mixed Platforms.Build.0 = Debug-no_nodejs_build|Any CPU
		{BA69BB65-147A-42D8-A6F5-5D1E57E2D783}.Debug-no_nodejs_build|x86.ActiveCfg = Debug-no_nodejs_build|Any CPU
		{BA69BB65-147A-42D8-A6F5-5D1E57E2D783}.Debug-no_nodejs_build|x86.Build.0 = Debug-no_nodejs_build|Any CPU
		{BA69BB65-147A-42D8-A6F5-5D1E57E2D783}.Release|Any CPU.ActiveCfg = Release|Any CPU
		{BA69BB65-147A-42D8-A6F5-5D1E57E2D783}.Release|Any CPU.Build.0 = Release|Any CPU
		{BA69BB65-147A-42D8-A6F5-5D1E57E2D783}.Release|Mixed Platforms.ActiveCfg = Release|Any CPU
		{BA69BB65-147A-42D8-A6F5-5D1E57E2D783}.Release|Mixed Platforms.Build.0 = Release|Any CPU
		{BA69BB65-147A-42D8-A6F5-5D1E57E2D783}.Release|x86.ActiveCfg = Release|Any CPU
		{BA69BB65-147A-42D8-A6F5-5D1E57E2D783}.UAT-test|Any CPU.ActiveCfg = UAT-test|Any CPU
		{BA69BB65-147A-42D8-A6F5-5D1E57E2D783}.UAT-test|Any CPU.Build.0 = UAT-test|Any CPU
		{BA69BB65-147A-42D8-A6F5-5D1E57E2D783}.UAT-test|Mixed Platforms.ActiveCfg = UAT-test|Any CPU
		{BA69BB65-147A-42D8-A6F5-5D1E57E2D783}.UAT-test|Mixed Platforms.Build.0 = UAT-test|Any CPU
		{BA69BB65-147A-42D8-A6F5-5D1E57E2D783}.UAT-test|x86.ActiveCfg = UAT-test|Any CPU
		{BA69BB65-147A-42D8-A6F5-5D1E57E2D783}.UAT-test|x86.Build.0 = UAT-test|Any CPU
		{E667CB78-E80E-4C45-9BDF-1E5EDA0478D3}.Chaim|Any CPU.ActiveCfg = Chaim|Any CPU
		{E667CB78-E80E-4C45-9BDF-1E5EDA0478D3}.Chaim|Any CPU.Build.0 = Chaim|Any CPU
		{E667CB78-E80E-4C45-9BDF-1E5EDA0478D3}.Chaim|Mixed Platforms.ActiveCfg = Chaim|Any CPU
		{E667CB78-E80E-4C45-9BDF-1E5EDA0478D3}.Chaim|Mixed Platforms.Build.0 = Chaim|Any CPU
		{E667CB78-E80E-4C45-9BDF-1E5EDA0478D3}.Chaim|x86.ActiveCfg = Chaim|Any CPU
		{E667CB78-E80E-4C45-9BDF-1E5EDA0478D3}.Chaim|x86.Build.0 = Chaim|Any CPU
		{E667CB78-E80E-4C45-9BDF-1E5EDA0478D3}.Debug|Any CPU.ActiveCfg = Debug|Any CPU
		{E667CB78-E80E-4C45-9BDF-1E5EDA0478D3}.Debug|Any CPU.Build.0 = Debug|Any CPU
		{E667CB78-E80E-4C45-9BDF-1E5EDA0478D3}.Debug|Mixed Platforms.ActiveCfg = Debug|Any CPU
		{E667CB78-E80E-4C45-9BDF-1E5EDA0478D3}.Debug|Mixed Platforms.Build.0 = Debug|Any CPU
		{E667CB78-E80E-4C45-9BDF-1E5EDA0478D3}.Debug|x86.ActiveCfg = Debug|Any CPU
		{E667CB78-E80E-4C45-9BDF-1E5EDA0478D3}.Debug|x86.Build.0 = Debug|Any CPU
		{E667CB78-E80E-4C45-9BDF-1E5EDA0478D3}.Debug-no_nodejs_build|Any CPU.ActiveCfg = Debug-no_nodejs_build|Any CPU
		{E667CB78-E80E-4C45-9BDF-1E5EDA0478D3}.Debug-no_nodejs_build|Any CPU.Build.0 = Debug-no_nodejs_build|Any CPU
		{E667CB78-E80E-4C45-9BDF-1E5EDA0478D3}.Debug-no_nodejs_build|Mixed Platforms.ActiveCfg = Debug-no_nodejs_build|Any CPU
		{E667CB78-E80E-4C45-9BDF-1E5EDA0478D3}.Debug-no_nodejs_build|Mixed Platforms.Build.0 = Debug-no_nodejs_build|Any CPU
		{E667CB78-E80E-4C45-9BDF-1E5EDA0478D3}.Debug-no_nodejs_build|x86.ActiveCfg = Debug-no_nodejs_build|Any CPU
		{E667CB78-E80E-4C45-9BDF-1E5EDA0478D3}.Debug-no_nodejs_build|x86.Build.0 = Debug-no_nodejs_build|Any CPU
		{E667CB78-E80E-4C45-9BDF-1E5EDA0478D3}.Release|Any CPU.ActiveCfg = Release|Any CPU
		{E667CB78-E80E-4C45-9BDF-1E5EDA0478D3}.Release|Any CPU.Build.0 = Release|Any CPU
		{E667CB78-E80E-4C45-9BDF-1E5EDA0478D3}.Release|Mixed Platforms.ActiveCfg = Release|Any CPU
		{E667CB78-E80E-4C45-9BDF-1E5EDA0478D3}.Release|Mixed Platforms.Build.0 = Release|Any CPU
		{E667CB78-E80E-4C45-9BDF-1E5EDA0478D3}.Release|x86.ActiveCfg = Release|Any CPU
		{E667CB78-E80E-4C45-9BDF-1E5EDA0478D3}.UAT-test|Any CPU.ActiveCfg = UAT-test|Any CPU
		{E667CB78-E80E-4C45-9BDF-1E5EDA0478D3}.UAT-test|Any CPU.Build.0 = UAT-test|Any CPU
		{E667CB78-E80E-4C45-9BDF-1E5EDA0478D3}.UAT-test|Mixed Platforms.ActiveCfg = UAT-test|Any CPU
		{E667CB78-E80E-4C45-9BDF-1E5EDA0478D3}.UAT-test|Mixed Platforms.Build.0 = UAT-test|Any CPU
		{E667CB78-E80E-4C45-9BDF-1E5EDA0478D3}.UAT-test|x86.ActiveCfg = UAT-test|Any CPU
		{E667CB78-E80E-4C45-9BDF-1E5EDA0478D3}.UAT-test|x86.Build.0 = UAT-test|Any CPU
		{2774F04F-8261-4E87-A9BA-5EE8E2807EE6}.Chaim|Any CPU.ActiveCfg = Chaim|x86
		{2774F04F-8261-4E87-A9BA-5EE8E2807EE6}.Chaim|Mixed Platforms.ActiveCfg = Chaim|x86
		{2774F04F-8261-4E87-A9BA-5EE8E2807EE6}.Chaim|Mixed Platforms.Build.0 = Chaim|x86
		{2774F04F-8261-4E87-A9BA-5EE8E2807EE6}.Chaim|x86.ActiveCfg = Chaim|x86
		{2774F04F-8261-4E87-A9BA-5EE8E2807EE6}.Debug|Any CPU.ActiveCfg = Debug|x86
		{2774F04F-8261-4E87-A9BA-5EE8E2807EE6}.Debug|Mixed Platforms.ActiveCfg = Debug|x86
		{2774F04F-8261-4E87-A9BA-5EE8E2807EE6}.Debug|Mixed Platforms.Build.0 = Debug|x86
		{2774F04F-8261-4E87-A9BA-5EE8E2807EE6}.Debug|x86.ActiveCfg = Debug|x86
		{2774F04F-8261-4E87-A9BA-5EE8E2807EE6}.Debug|x86.Build.0 = Debug|x86
		{2774F04F-8261-4E87-A9BA-5EE8E2807EE6}.Debug-no_nodejs_build|Any CPU.ActiveCfg = Debug-no_nodejs_build|x86
		{2774F04F-8261-4E87-A9BA-5EE8E2807EE6}.Debug-no_nodejs_build|Mixed Platforms.ActiveCfg = Debug-no_nodejs_build|x86
		{2774F04F-8261-4E87-A9BA-5EE8E2807EE6}.Debug-no_nodejs_build|Mixed Platforms.Build.0 = Debug-no_nodejs_build|x86
		{2774F04F-8261-4E87-A9BA-5EE8E2807EE6}.Debug-no_nodejs_build|x86.ActiveCfg = Debug-no_nodejs_build|x86
		{2774F04F-8261-4E87-A9BA-5EE8E2807EE6}.Release|Any CPU.ActiveCfg = Release|x86
		{2774F04F-8261-4E87-A9BA-5EE8E2807EE6}.Release|Mixed Platforms.ActiveCfg = Release|x86
		{2774F04F-8261-4E87-A9BA-5EE8E2807EE6}.Release|x86.ActiveCfg = Release|x86
		{2774F04F-8261-4E87-A9BA-5EE8E2807EE6}.Release|x86.Build.0 = Release|x86
		{2774F04F-8261-4E87-A9BA-5EE8E2807EE6}.UAT-test|Any CPU.ActiveCfg = UAT-test|x86
		{2774F04F-8261-4E87-A9BA-5EE8E2807EE6}.UAT-test|Mixed Platforms.ActiveCfg = UAT-test|x86
		{2774F04F-8261-4E87-A9BA-5EE8E2807EE6}.UAT-test|Mixed Platforms.Build.0 = UAT-test|x86
		{2774F04F-8261-4E87-A9BA-5EE8E2807EE6}.UAT-test|x86.ActiveCfg = UAT-test|x86
		{48F672E8-4513-4F7E-A296-C0CCC87F9AA1}.Chaim|Any CPU.ActiveCfg = Chaim|Any CPU
		{48F672E8-4513-4F7E-A296-C0CCC87F9AA1}.Chaim|Any CPU.Build.0 = Chaim|Any CPU
		{48F672E8-4513-4F7E-A296-C0CCC87F9AA1}.Chaim|Mixed Platforms.ActiveCfg = Chaim|Any CPU
		{48F672E8-4513-4F7E-A296-C0CCC87F9AA1}.Chaim|Mixed Platforms.Build.0 = Chaim|Any CPU
		{48F672E8-4513-4F7E-A296-C0CCC87F9AA1}.Chaim|x86.ActiveCfg = Chaim|Any CPU
		{48F672E8-4513-4F7E-A296-C0CCC87F9AA1}.Chaim|x86.Build.0 = Chaim|Any CPU
		{48F672E8-4513-4F7E-A296-C0CCC87F9AA1}.Debug|Any CPU.ActiveCfg = Debug|Any CPU
		{48F672E8-4513-4F7E-A296-C0CCC87F9AA1}.Debug|Any CPU.Build.0 = Debug|Any CPU
		{48F672E8-4513-4F7E-A296-C0CCC87F9AA1}.Debug|Mixed Platforms.ActiveCfg = Debug|Any CPU
		{48F672E8-4513-4F7E-A296-C0CCC87F9AA1}.Debug|Mixed Platforms.Build.0 = Debug|Any CPU
		{48F672E8-4513-4F7E-A296-C0CCC87F9AA1}.Debug|x86.ActiveCfg = Debug|Any CPU
		{48F672E8-4513-4F7E-A296-C0CCC87F9AA1}.Debug|x86.Build.0 = Debug|Any CPU
		{48F672E8-4513-4F7E-A296-C0CCC87F9AA1}.Debug-no_nodejs_build|Any CPU.ActiveCfg = Debug-no_nodejs_build|Any CPU
		{48F672E8-4513-4F7E-A296-C0CCC87F9AA1}.Debug-no_nodejs_build|Any CPU.Build.0 = Debug-no_nodejs_build|Any CPU
		{48F672E8-4513-4F7E-A296-C0CCC87F9AA1}.Debug-no_nodejs_build|Mixed Platforms.ActiveCfg = Debug-no_nodejs_build|Any CPU
		{48F672E8-4513-4F7E-A296-C0CCC87F9AA1}.Debug-no_nodejs_build|Mixed Platforms.Build.0 = Debug-no_nodejs_build|Any CPU
		{48F672E8-4513-4F7E-A296-C0CCC87F9AA1}.Debug-no_nodejs_build|x86.ActiveCfg = Debug-no_nodejs_build|Any CPU
		{48F672E8-4513-4F7E-A296-C0CCC87F9AA1}.Debug-no_nodejs_build|x86.Build.0 = Debug-no_nodejs_build|Any CPU
		{48F672E8-4513-4F7E-A296-C0CCC87F9AA1}.Release|Any CPU.ActiveCfg = Release|Any CPU
		{48F672E8-4513-4F7E-A296-C0CCC87F9AA1}.Release|Any CPU.Build.0 = Release|Any CPU
		{48F672E8-4513-4F7E-A296-C0CCC87F9AA1}.Release|Mixed Platforms.ActiveCfg = Release|Any CPU
		{48F672E8-4513-4F7E-A296-C0CCC87F9AA1}.Release|Mixed Platforms.Build.0 = Release|Any CPU
		{48F672E8-4513-4F7E-A296-C0CCC87F9AA1}.Release|x86.ActiveCfg = Release|Any CPU
		{48F672E8-4513-4F7E-A296-C0CCC87F9AA1}.UAT-test|Any CPU.ActiveCfg = UAT-test|Any CPU
		{48F672E8-4513-4F7E-A296-C0CCC87F9AA1}.UAT-test|Any CPU.Build.0 = UAT-test|Any CPU
		{48F672E8-4513-4F7E-A296-C0CCC87F9AA1}.UAT-test|Mixed Platforms.ActiveCfg = UAT-test|Any CPU
		{48F672E8-4513-4F7E-A296-C0CCC87F9AA1}.UAT-test|Mixed Platforms.Build.0 = UAT-test|Any CPU
		{48F672E8-4513-4F7E-A296-C0CCC87F9AA1}.UAT-test|x86.ActiveCfg = UAT-test|Any CPU
		{48F672E8-4513-4F7E-A296-C0CCC87F9AA1}.UAT-test|x86.Build.0 = UAT-test|Any CPU
		{A9F879BC-CA11-4470-A655-8541B5DA41A1}.Chaim|Any CPU.ActiveCfg = Chaim|Any CPU
		{A9F879BC-CA11-4470-A655-8541B5DA41A1}.Chaim|Any CPU.Build.0 = Chaim|Any CPU
		{A9F879BC-CA11-4470-A655-8541B5DA41A1}.Chaim|Mixed Platforms.ActiveCfg = Chaim|Any CPU
		{A9F879BC-CA11-4470-A655-8541B5DA41A1}.Chaim|Mixed Platforms.Build.0 = Chaim|Any CPU
		{A9F879BC-CA11-4470-A655-8541B5DA41A1}.Chaim|x86.ActiveCfg = Chaim|Any CPU
		{A9F879BC-CA11-4470-A655-8541B5DA41A1}.Chaim|x86.Build.0 = Chaim|Any CPU
		{A9F879BC-CA11-4470-A655-8541B5DA41A1}.Debug|Any CPU.ActiveCfg = Debug|Any CPU
		{A9F879BC-CA11-4470-A655-8541B5DA41A1}.Debug|Any CPU.Build.0 = Debug|Any CPU
		{A9F879BC-CA11-4470-A655-8541B5DA41A1}.Debug|Mixed Platforms.ActiveCfg = Debug|Any CPU
		{A9F879BC-CA11-4470-A655-8541B5DA41A1}.Debug|Mixed Platforms.Build.0 = Debug|Any CPU
		{A9F879BC-CA11-4470-A655-8541B5DA41A1}.Debug|x86.ActiveCfg = Debug|Any CPU
		{A9F879BC-CA11-4470-A655-8541B5DA41A1}.Debug|x86.Build.0 = Debug|Any CPU
		{A9F879BC-CA11-4470-A655-8541B5DA41A1}.Debug-no_nodejs_build|Any CPU.ActiveCfg = Debug-no_nodejs_build|Any CPU
		{A9F879BC-CA11-4470-A655-8541B5DA41A1}.Debug-no_nodejs_build|Any CPU.Build.0 = Debug-no_nodejs_build|Any CPU
		{A9F879BC-CA11-4470-A655-8541B5DA41A1}.Debug-no_nodejs_build|Mixed Platforms.ActiveCfg = Debug-no_nodejs_build|Any CPU
		{A9F879BC-CA11-4470-A655-8541B5DA41A1}.Debug-no_nodejs_build|Mixed Platforms.Build.0 = Debug-no_nodejs_build|Any CPU
		{A9F879BC-CA11-4470-A655-8541B5DA41A1}.Debug-no_nodejs_build|x86.ActiveCfg = Debug-no_nodejs_build|Any CPU
		{A9F879BC-CA11-4470-A655-8541B5DA41A1}.Debug-no_nodejs_build|x86.Build.0 = Debug-no_nodejs_build|Any CPU
		{A9F879BC-CA11-4470-A655-8541B5DA41A1}.Release|Any CPU.ActiveCfg = Release|Any CPU
		{A9F879BC-CA11-4470-A655-8541B5DA41A1}.Release|Any CPU.Build.0 = Release|Any CPU
		{A9F879BC-CA11-4470-A655-8541B5DA41A1}.Release|Mixed Platforms.ActiveCfg = Release|Any CPU
		{A9F879BC-CA11-4470-A655-8541B5DA41A1}.Release|Mixed Platforms.Build.0 = Release|Any CPU
		{A9F879BC-CA11-4470-A655-8541B5DA41A1}.Release|x86.ActiveCfg = Release|Any CPU
		{A9F879BC-CA11-4470-A655-8541B5DA41A1}.UAT-test|Any CPU.ActiveCfg = UAT-test|Any CPU
		{A9F879BC-CA11-4470-A655-8541B5DA41A1}.UAT-test|Any CPU.Build.0 = UAT-test|Any CPU
		{A9F879BC-CA11-4470-A655-8541B5DA41A1}.UAT-test|Mixed Platforms.ActiveCfg = UAT-test|Any CPU
		{A9F879BC-CA11-4470-A655-8541B5DA41A1}.UAT-test|Mixed Platforms.Build.0 = UAT-test|Any CPU
		{A9F879BC-CA11-4470-A655-8541B5DA41A1}.UAT-test|x86.ActiveCfg = UAT-test|Any CPU
		{A9F879BC-CA11-4470-A655-8541B5DA41A1}.UAT-test|x86.Build.0 = UAT-test|Any CPU
		{D2C4C806-4D23-4E62-B96D-23BDAB953C73}.Chaim|Any CPU.ActiveCfg = Chaim|Any CPU
		{D2C4C806-4D23-4E62-B96D-23BDAB953C73}.Chaim|Any CPU.Build.0 = Chaim|Any CPU
		{D2C4C806-4D23-4E62-B96D-23BDAB953C73}.Chaim|Mixed Platforms.ActiveCfg = Chaim|Any CPU
		{D2C4C806-4D23-4E62-B96D-23BDAB953C73}.Chaim|Mixed Platforms.Build.0 = Chaim|Any CPU
		{D2C4C806-4D23-4E62-B96D-23BDAB953C73}.Chaim|x86.ActiveCfg = Chaim|Any CPU
		{D2C4C806-4D23-4E62-B96D-23BDAB953C73}.Chaim|x86.Build.0 = Chaim|Any CPU
		{D2C4C806-4D23-4E62-B96D-23BDAB953C73}.Debug|Any CPU.ActiveCfg = Debug|Any CPU
		{D2C4C806-4D23-4E62-B96D-23BDAB953C73}.Debug|Any CPU.Build.0 = Debug|Any CPU
		{D2C4C806-4D23-4E62-B96D-23BDAB953C73}.Debug|Mixed Platforms.ActiveCfg = Debug|Any CPU
		{D2C4C806-4D23-4E62-B96D-23BDAB953C73}.Debug|Mixed Platforms.Build.0 = Debug|Any CPU
		{D2C4C806-4D23-4E62-B96D-23BDAB953C73}.Debug|x86.ActiveCfg = Debug|Any CPU
		{D2C4C806-4D23-4E62-B96D-23BDAB953C73}.Debug|x86.Build.0 = Debug|Any CPU
		{D2C4C806-4D23-4E62-B96D-23BDAB953C73}.Debug-no_nodejs_build|Any CPU.ActiveCfg = Debug-no_nodejs_build|Any CPU
		{D2C4C806-4D23-4E62-B96D-23BDAB953C73}.Debug-no_nodejs_build|Any CPU.Build.0 = Debug-no_nodejs_build|Any CPU
		{D2C4C806-4D23-4E62-B96D-23BDAB953C73}.Debug-no_nodejs_build|Mixed Platforms.ActiveCfg = Debug-no_nodejs_build|Any CPU
		{D2C4C806-4D23-4E62-B96D-23BDAB953C73}.Debug-no_nodejs_build|Mixed Platforms.Build.0 = Debug-no_nodejs_build|Any CPU
		{D2C4C806-4D23-4E62-B96D-23BDAB953C73}.Debug-no_nodejs_build|x86.ActiveCfg = Debug-no_nodejs_build|Any CPU
		{D2C4C806-4D23-4E62-B96D-23BDAB953C73}.Debug-no_nodejs_build|x86.Build.0 = Debug-no_nodejs_build|Any CPU
		{D2C4C806-4D23-4E62-B96D-23BDAB953C73}.Release|Any CPU.ActiveCfg = Release|Any CPU
		{D2C4C806-4D23-4E62-B96D-23BDAB953C73}.Release|Any CPU.Build.0 = Release|Any CPU
		{D2C4C806-4D23-4E62-B96D-23BDAB953C73}.Release|Mixed Platforms.ActiveCfg = Release|Any CPU
		{D2C4C806-4D23-4E62-B96D-23BDAB953C73}.Release|Mixed Platforms.Build.0 = Release|Any CPU
		{D2C4C806-4D23-4E62-B96D-23BDAB953C73}.Release|x86.ActiveCfg = Release|Any CPU
		{D2C4C806-4D23-4E62-B96D-23BDAB953C73}.UAT-test|Any CPU.ActiveCfg = UAT-test|Any CPU
		{D2C4C806-4D23-4E62-B96D-23BDAB953C73}.UAT-test|Any CPU.Build.0 = UAT-test|Any CPU
		{D2C4C806-4D23-4E62-B96D-23BDAB953C73}.UAT-test|Mixed Platforms.ActiveCfg = UAT-test|Any CPU
		{D2C4C806-4D23-4E62-B96D-23BDAB953C73}.UAT-test|Mixed Platforms.Build.0 = UAT-test|Any CPU
		{D2C4C806-4D23-4E62-B96D-23BDAB953C73}.UAT-test|x86.ActiveCfg = UAT-test|Any CPU
		{D2C4C806-4D23-4E62-B96D-23BDAB953C73}.UAT-test|x86.Build.0 = UAT-test|Any CPU
		{97C1F2FF-768A-4F2E-B7AB-0F91FC3711D2}.Chaim|Any CPU.ActiveCfg = Chaim|Any CPU
		{97C1F2FF-768A-4F2E-B7AB-0F91FC3711D2}.Chaim|Any CPU.Build.0 = Chaim|Any CPU
		{97C1F2FF-768A-4F2E-B7AB-0F91FC3711D2}.Chaim|Mixed Platforms.ActiveCfg = Chaim|Any CPU
		{97C1F2FF-768A-4F2E-B7AB-0F91FC3711D2}.Chaim|Mixed Platforms.Build.0 = Chaim|Any CPU
		{97C1F2FF-768A-4F2E-B7AB-0F91FC3711D2}.Chaim|x86.ActiveCfg = Chaim|Any CPU
		{97C1F2FF-768A-4F2E-B7AB-0F91FC3711D2}.Chaim|x86.Build.0 = Chaim|Any CPU
		{97C1F2FF-768A-4F2E-B7AB-0F91FC3711D2}.Debug|Any CPU.ActiveCfg = Debug|Any CPU
		{97C1F2FF-768A-4F2E-B7AB-0F91FC3711D2}.Debug|Any CPU.Build.0 = Debug|Any CPU
		{97C1F2FF-768A-4F2E-B7AB-0F91FC3711D2}.Debug|Mixed Platforms.ActiveCfg = Debug|Any CPU
		{97C1F2FF-768A-4F2E-B7AB-0F91FC3711D2}.Debug|Mixed Platforms.Build.0 = Debug|Any CPU
		{97C1F2FF-768A-4F2E-B7AB-0F91FC3711D2}.Debug|x86.ActiveCfg = Debug|Any CPU
		{97C1F2FF-768A-4F2E-B7AB-0F91FC3711D2}.Debug|x86.Build.0 = Debug|Any CPU
		{97C1F2FF-768A-4F2E-B7AB-0F91FC3711D2}.Debug-no_nodejs_build|Any CPU.ActiveCfg = Debug-no_nodejs_build|Any CPU
		{97C1F2FF-768A-4F2E-B7AB-0F91FC3711D2}.Debug-no_nodejs_build|Any CPU.Build.0 = Debug-no_nodejs_build|Any CPU
		{97C1F2FF-768A-4F2E-B7AB-0F91FC3711D2}.Debug-no_nodejs_build|Mixed Platforms.ActiveCfg = Debug-no_nodejs_build|Any CPU
		{97C1F2FF-768A-4F2E-B7AB-0F91FC3711D2}.Debug-no_nodejs_build|Mixed Platforms.Build.0 = Debug-no_nodejs_build|Any CPU
		{97C1F2FF-768A-4F2E-B7AB-0F91FC3711D2}.Debug-no_nodejs_build|x86.ActiveCfg = Debug-no_nodejs_build|Any CPU
		{97C1F2FF-768A-4F2E-B7AB-0F91FC3711D2}.Debug-no_nodejs_build|x86.Build.0 = Debug-no_nodejs_build|Any CPU
		{97C1F2FF-768A-4F2E-B7AB-0F91FC3711D2}.Release|Any CPU.ActiveCfg = Release|Any CPU
		{97C1F2FF-768A-4F2E-B7AB-0F91FC3711D2}.Release|Any CPU.Build.0 = Release|Any CPU
		{97C1F2FF-768A-4F2E-B7AB-0F91FC3711D2}.Release|Mixed Platforms.ActiveCfg = Release|Any CPU
		{97C1F2FF-768A-4F2E-B7AB-0F91FC3711D2}.Release|Mixed Platforms.Build.0 = Release|Any CPU
		{97C1F2FF-768A-4F2E-B7AB-0F91FC3711D2}.Release|x86.ActiveCfg = Release|Any CPU
		{97C1F2FF-768A-4F2E-B7AB-0F91FC3711D2}.Release|x86.Build.0 = Release|Any CPU
		{97C1F2FF-768A-4F2E-B7AB-0F91FC3711D2}.UAT-test|Any CPU.ActiveCfg = UAT-test|Any CPU
		{97C1F2FF-768A-4F2E-B7AB-0F91FC3711D2}.UAT-test|Any CPU.Build.0 = UAT-test|Any CPU
		{97C1F2FF-768A-4F2E-B7AB-0F91FC3711D2}.UAT-test|Mixed Platforms.ActiveCfg = UAT-test|Any CPU
		{97C1F2FF-768A-4F2E-B7AB-0F91FC3711D2}.UAT-test|Mixed Platforms.Build.0 = UAT-test|Any CPU
		{97C1F2FF-768A-4F2E-B7AB-0F91FC3711D2}.UAT-test|x86.ActiveCfg = UAT-test|Any CPU
		{97C1F2FF-768A-4F2E-B7AB-0F91FC3711D2}.UAT-test|x86.Build.0 = UAT-test|Any CPU
		{C0D0505F-A72A-4570-8E62-1D54101D2046}.Chaim|Any CPU.ActiveCfg = Chaim|Any CPU
		{C0D0505F-A72A-4570-8E62-1D54101D2046}.Chaim|Any CPU.Build.0 = Chaim|Any CPU
		{C0D0505F-A72A-4570-8E62-1D54101D2046}.Chaim|Mixed Platforms.ActiveCfg = Chaim|Any CPU
		{C0D0505F-A72A-4570-8E62-1D54101D2046}.Chaim|Mixed Platforms.Build.0 = Chaim|Any CPU
		{C0D0505F-A72A-4570-8E62-1D54101D2046}.Chaim|x86.ActiveCfg = Chaim|Any CPU
		{C0D0505F-A72A-4570-8E62-1D54101D2046}.Chaim|x86.Build.0 = Chaim|Any CPU
		{C0D0505F-A72A-4570-8E62-1D54101D2046}.Debug|Any CPU.ActiveCfg = Debug|Any CPU
		{C0D0505F-A72A-4570-8E62-1D54101D2046}.Debug|Any CPU.Build.0 = Debug|Any CPU
		{C0D0505F-A72A-4570-8E62-1D54101D2046}.Debug|Mixed Platforms.ActiveCfg = Debug|Any CPU
		{C0D0505F-A72A-4570-8E62-1D54101D2046}.Debug|Mixed Platforms.Build.0 = Debug|Any CPU
		{C0D0505F-A72A-4570-8E62-1D54101D2046}.Debug|x86.ActiveCfg = Debug|Any CPU
		{C0D0505F-A72A-4570-8E62-1D54101D2046}.Debug|x86.Build.0 = Debug|Any CPU
		{C0D0505F-A72A-4570-8E62-1D54101D2046}.Debug-no_nodejs_build|Any CPU.ActiveCfg = Debug-no_nodejs_build|Any CPU
		{C0D0505F-A72A-4570-8E62-1D54101D2046}.Debug-no_nodejs_build|Any CPU.Build.0 = Debug-no_nodejs_build|Any CPU
		{C0D0505F-A72A-4570-8E62-1D54101D2046}.Debug-no_nodejs_build|Mixed Platforms.ActiveCfg = Debug-no_nodejs_build|Any CPU
		{C0D0505F-A72A-4570-8E62-1D54101D2046}.Debug-no_nodejs_build|Mixed Platforms.Build.0 = Debug-no_nodejs_build|Any CPU
		{C0D0505F-A72A-4570-8E62-1D54101D2046}.Debug-no_nodejs_build|x86.ActiveCfg = Debug-no_nodejs_build|Any CPU
		{C0D0505F-A72A-4570-8E62-1D54101D2046}.Debug-no_nodejs_build|x86.Build.0 = Debug-no_nodejs_build|Any CPU
		{C0D0505F-A72A-4570-8E62-1D54101D2046}.Release|Any CPU.ActiveCfg = Release|Any CPU
		{C0D0505F-A72A-4570-8E62-1D54101D2046}.Release|Any CPU.Build.0 = Release|Any CPU
		{C0D0505F-A72A-4570-8E62-1D54101D2046}.Release|Mixed Platforms.ActiveCfg = Release|Any CPU
		{C0D0505F-A72A-4570-8E62-1D54101D2046}.Release|Mixed Platforms.Build.0 = Release|Any CPU
		{C0D0505F-A72A-4570-8E62-1D54101D2046}.Release|x86.ActiveCfg = Release|Any CPU
		{C0D0505F-A72A-4570-8E62-1D54101D2046}.Release|x86.Build.0 = Release|Any CPU
		{C0D0505F-A72A-4570-8E62-1D54101D2046}.UAT-test|Any CPU.ActiveCfg = UAT-test|Any CPU
		{C0D0505F-A72A-4570-8E62-1D54101D2046}.UAT-test|Any CPU.Build.0 = UAT-test|Any CPU
		{C0D0505F-A72A-4570-8E62-1D54101D2046}.UAT-test|Mixed Platforms.ActiveCfg = UAT-test|Any CPU
		{C0D0505F-A72A-4570-8E62-1D54101D2046}.UAT-test|Mixed Platforms.Build.0 = UAT-test|Any CPU
		{C0D0505F-A72A-4570-8E62-1D54101D2046}.UAT-test|x86.ActiveCfg = UAT-test|Any CPU
		{C0D0505F-A72A-4570-8E62-1D54101D2046}.UAT-test|x86.Build.0 = UAT-test|Any CPU
	EndGlobalSection
	GlobalSection(SolutionProperties) = preSolution
		HideSolutionNode = FALSE
	EndGlobalSection
	GlobalSection(ExtensibilityGlobals) = postSolution
		SolutionGuid = {9076EFD5-A3BE-487D-B80A-1A4F7E5980E2}
		EnterpriseLibraryConfigurationToolBinariesPath = packages\Unity.2.1.505.0\lib\NET35;packages\Unity.Interception.2.1.505.0\lib\NET35;;packages\EnterpriseLibrary.Common.5.0.505.0\lib\NET35;packages\EnterpriseLibrary.Caching.5.0.505.0\lib\NET35;packages\Unity.2.1.505.2\lib\NET35
	EndGlobalSection
	GlobalSection(Performance) = preSolution
		HasPerformanceSessions = true
	EndGlobalSection
	GlobalSection(Performance) = preSolution
		HasPerformanceSessions = true
	EndGlobalSection
	GlobalSection(Performance) = preSolution
		HasPerformanceSessions = true
	EndGlobalSection
	GlobalSection(TestCaseManagementSettings) = postSolution
		CategoryFile = Machete2.vsmdi
	EndGlobalSection
EndGlobal
