
Microsoft Visual Studio Solution File, Format Version 12.00
# Visual Studio 2013
VisualStudioVersion = 12.0.30723.0
MinimumVisualStudioVersion = 10.0.40219.1
Project("{2150E333-8FDC-42A3-9474-1A3956D46DE8}") = "Solution Items", "Solution Items", "{A89D8B77-274B-4032-8A72-0DFC7879BD44}"
	ProjectSection(SolutionItems) = preProject
		Local.testsettings = Local.testsettings
		Machete2.vsmdi = Machete2.vsmdi
		TraceAndTestImpact.testsettings = TraceAndTestImpact.testsettings
	EndProjectSection
EndProject
Project("{FAE04EC0-301F-11D3-BF4B-00C04F79EFBC}") = "Machete.Service", "Machete.Service\Machete.Service.csproj", "{BA69BB65-147A-42D8-A6F5-5D1E57E2D783}"
EndProject
Project("{FAE04EC0-301F-11D3-BF4B-00C04F79EFBC}") = "Machete.Test", "Machete.Test\Machete.Test.csproj", "{E667CB78-E80E-4C45-9BDF-1E5EDA0478D3}"
EndProject
Project("{FAE04EC0-301F-11D3-BF4B-00C04F79EFBC}") = "Machete.Util", "Machete.Util\Machete.Util.csproj", "{2774F04F-8261-4E87-A9BA-5EE8E2807EE6}"
EndProject
Project("{FAE04EC0-301F-11D3-BF4B-00C04F79EFBC}") = "Machete.Domain", "Machete.Domain\Machete.Domain.csproj", "{48F672E8-4513-4F7E-A296-C0CCC87F9AA1}"
EndProject
Project("{FAE04EC0-301F-11D3-BF4B-00C04F79EFBC}") = "Machete.Data", "Machete.Data\Machete.Data.csproj", "{A9F879BC-CA11-4470-A655-8541B5DA41A1}"
EndProject
Project("{2150E333-8FDC-42A3-9474-1A3956D46DE8}") = "MWS", "MWS", "{68B7A7B2-644C-4DA4-A0CF-FF009654F4FB}"
EndProject
Project("{FAE04EC0-301F-11D3-BF4B-00C04F79EFBC}") = "MWS.Service", "MWS.Service\MWS.Service.csproj", "{3E1B598D-9E47-4967-93E6-4D6DDF4AB7EF}"
EndProject
Project("{FAE04EC0-301F-11D3-BF4B-00C04F79EFBC}") = "MWS.Core", "MWS.Core\MWS.Core.csproj", "{A8DE6677-0E32-4229-8B83-9A3C17C87E85}"
EndProject
Project("{FAE04EC0-301F-11D3-BF4B-00C04F79EFBC}") = "MWS.Test", "MWS.Test\MWS.Test.csproj", "{61A494C4-6B88-4E63-BD3B-4503EE203EF6}"
EndProject
Project("{FAE04EC0-301F-11D3-BF4B-00C04F79EFBC}") = "Machete.Web", "Machete.Web\Machete.Web.csproj", "{D2C4C806-4D23-4E62-B96D-23BDAB953C73}"
EndProject
Global
	GlobalSection(SolutionConfigurationPlatforms) = preSolution
		CasaLatina|Any CPU = CasaLatina|Any CPU
		CasaLatina|Mixed Platforms = CasaLatina|Mixed Platforms
		CasaLatina|x86 = CasaLatina|x86
		CentroHumanitario|Any CPU = CentroHumanitario|Any CPU
		CentroHumanitario|Mixed Platforms = CentroHumanitario|Mixed Platforms
		CentroHumanitario|x86 = CentroHumanitario|x86
		Concord|Any CPU = Concord|Any CPU
		Concord|Mixed Platforms = Concord|Mixed Platforms
		Concord|x86 = Concord|x86
		Congreso|Any CPU = Congreso|Any CPU
		Congreso|Mixed Platforms = Congreso|Mixed Platforms
		Congreso|x86 = Congreso|x86
		Dev|Any CPU = Dev|Any CPU
		Dev|Mixed Platforms = Dev|Mixed Platforms
		Dev|x86 = Dev|x86
		DonBosco|Any CPU = DonBosco|Any CPU
		DonBosco|Mixed Platforms = DonBosco|Mixed Platforms
		DonBosco|x86 = DonBosco|x86
		ElCentro|Any CPU = ElCentro|Any CPU
		ElCentro|Mixed Platforms = ElCentro|Mixed Platforms
		ElCentro|x86 = ElCentro|x86
		Graton|Any CPU = Graton|Any CPU
		Graton|Mixed Platforms = Graton|Mixed Platforms
		Graton|x86 = Graton|x86
		MountainView|Any CPU = MountainView|Any CPU
		MountainView|Mixed Platforms = MountainView|Mixed Platforms
		MountainView|x86 = MountainView|x86
		Nice|Any CPU = Nice|Any CPU
		Nice|Mixed Platforms = Nice|Mixed Platforms
		Nice|x86 = Nice|x86
		Pasadena|Any CPU = Pasadena|Any CPU
		Pasadena|Mixed Platforms = Pasadena|Mixed Platforms
		Pasadena|x86 = Pasadena|x86
		Pomona|Any CPU = Pomona|Any CPU
		Pomona|Mixed Platforms = Pomona|Mixed Platforms
		Pomona|x86 = Pomona|x86
		PortlandVoz|Any CPU = PortlandVoz|Any CPU
		PortlandVoz|Mixed Platforms = PortlandVoz|Mixed Platforms
		PortlandVoz|x86 = PortlandVoz|x86
		Release|Any CPU = Release|Any CPU
		Release|Mixed Platforms = Release|Mixed Platforms
		Release|x86 = Release|x86
		SanFrancisco|Any CPU = SanFrancisco|Any CPU
		SanFrancisco|Mixed Platforms = SanFrancisco|Mixed Platforms
		SanFrancisco|x86 = SanFrancisco|x86
		SantaCruz|Any CPU = SantaCruz|Any CPU
		SantaCruz|Mixed Platforms = SantaCruz|Mixed Platforms
		SantaCruz|x86 = SantaCruz|x86
		Southside|Any CPU = Southside|Any CPU
		Southside|Mixed Platforms = Southside|Mixed Platforms
		Southside|x86 = Southside|x86
		Test|Any CPU = Test|Any CPU
		Test|Mixed Platforms = Test|Mixed Platforms
		Test|x86 = Test|x86
		WorkersJustice|Any CPU = WorkersJustice|Any CPU
		WorkersJustice|Mixed Platforms = WorkersJustice|Mixed Platforms
		WorkersJustice|x86 = WorkersJustice|x86
	EndGlobalSection
	GlobalSection(ProjectConfigurationPlatforms) = postSolution
		{BA69BB65-147A-42D8-A6F5-5D1E57E2D783}.CasaLatina|Any CPU.ActiveCfg = Release|Any CPU
		{BA69BB65-147A-42D8-A6F5-5D1E57E2D783}.CasaLatina|Any CPU.Build.0 = Release|Any CPU
		{BA69BB65-147A-42D8-A6F5-5D1E57E2D783}.CasaLatina|Mixed Platforms.ActiveCfg = Release|Any CPU
		{BA69BB65-147A-42D8-A6F5-5D1E57E2D783}.CasaLatina|Mixed Platforms.Build.0 = Release|Any CPU
		{BA69BB65-147A-42D8-A6F5-5D1E57E2D783}.CasaLatina|x86.ActiveCfg = Release|Any CPU
		{BA69BB65-147A-42D8-A6F5-5D1E57E2D783}.CentroHumanitario|Any CPU.ActiveCfg = Release|Any CPU
		{BA69BB65-147A-42D8-A6F5-5D1E57E2D783}.CentroHumanitario|Any CPU.Build.0 = Release|Any CPU
		{BA69BB65-147A-42D8-A6F5-5D1E57E2D783}.CentroHumanitario|Mixed Platforms.ActiveCfg = CentroHumanitario|Any CPU
		{BA69BB65-147A-42D8-A6F5-5D1E57E2D783}.CentroHumanitario|Mixed Platforms.Build.0 = CentroHumanitario|Any CPU
		{BA69BB65-147A-42D8-A6F5-5D1E57E2D783}.CentroHumanitario|x86.ActiveCfg = CentroHumanitario|Any CPU
		{BA69BB65-147A-42D8-A6F5-5D1E57E2D783}.Concord|Any CPU.ActiveCfg = Release|Any CPU
		{BA69BB65-147A-42D8-A6F5-5D1E57E2D783}.Concord|Any CPU.Build.0 = Release|Any CPU
		{BA69BB65-147A-42D8-A6F5-5D1E57E2D783}.Concord|Mixed Platforms.ActiveCfg = Concord|Any CPU
		{BA69BB65-147A-42D8-A6F5-5D1E57E2D783}.Concord|Mixed Platforms.Build.0 = Concord|Any CPU
		{BA69BB65-147A-42D8-A6F5-5D1E57E2D783}.Concord|x86.ActiveCfg = Concord|Any CPU
		{BA69BB65-147A-42D8-A6F5-5D1E57E2D783}.Congreso|Any CPU.ActiveCfg = Congreso|Any CPU
		{BA69BB65-147A-42D8-A6F5-5D1E57E2D783}.Congreso|Any CPU.Build.0 = Congreso|Any CPU
		{BA69BB65-147A-42D8-A6F5-5D1E57E2D783}.Congreso|Mixed Platforms.ActiveCfg = Congreso|Any CPU
		{BA69BB65-147A-42D8-A6F5-5D1E57E2D783}.Congreso|Mixed Platforms.Build.0 = Congreso|Any CPU
		{BA69BB65-147A-42D8-A6F5-5D1E57E2D783}.Congreso|x86.ActiveCfg = Congreso|Any CPU
		{BA69BB65-147A-42D8-A6F5-5D1E57E2D783}.Dev|Any CPU.ActiveCfg = Debug|Any CPU
		{BA69BB65-147A-42D8-A6F5-5D1E57E2D783}.Dev|Any CPU.Build.0 = Debug|Any CPU
		{BA69BB65-147A-42D8-A6F5-5D1E57E2D783}.Dev|Mixed Platforms.ActiveCfg = Debug|Any CPU
		{BA69BB65-147A-42D8-A6F5-5D1E57E2D783}.Dev|Mixed Platforms.Build.0 = Debug|Any CPU
		{BA69BB65-147A-42D8-A6F5-5D1E57E2D783}.Dev|x86.ActiveCfg = Debug|Any CPU
		{BA69BB65-147A-42D8-A6F5-5D1E57E2D783}.DonBosco|Any CPU.ActiveCfg = Release|Any CPU
		{BA69BB65-147A-42D8-A6F5-5D1E57E2D783}.DonBosco|Any CPU.Build.0 = Release|Any CPU
		{BA69BB65-147A-42D8-A6F5-5D1E57E2D783}.DonBosco|Mixed Platforms.ActiveCfg = DonBosco|Any CPU
		{BA69BB65-147A-42D8-A6F5-5D1E57E2D783}.DonBosco|Mixed Platforms.Build.0 = DonBosco|Any CPU
		{BA69BB65-147A-42D8-A6F5-5D1E57E2D783}.DonBosco|x86.ActiveCfg = DonBosco|Any CPU
		{BA69BB65-147A-42D8-A6F5-5D1E57E2D783}.ElCentro|Any CPU.ActiveCfg = Release|Any CPU
		{BA69BB65-147A-42D8-A6F5-5D1E57E2D783}.ElCentro|Any CPU.Build.0 = Release|Any CPU
		{BA69BB65-147A-42D8-A6F5-5D1E57E2D783}.ElCentro|Mixed Platforms.ActiveCfg = ElCentro|Any CPU
		{BA69BB65-147A-42D8-A6F5-5D1E57E2D783}.ElCentro|Mixed Platforms.Build.0 = ElCentro|Any CPU
		{BA69BB65-147A-42D8-A6F5-5D1E57E2D783}.ElCentro|x86.ActiveCfg = ElCentro|Any CPU
		{BA69BB65-147A-42D8-A6F5-5D1E57E2D783}.Graton|Any CPU.ActiveCfg = Release|Any CPU
		{BA69BB65-147A-42D8-A6F5-5D1E57E2D783}.Graton|Any CPU.Build.0 = Release|Any CPU
		{BA69BB65-147A-42D8-A6F5-5D1E57E2D783}.Graton|Mixed Platforms.ActiveCfg = Graton|Any CPU
		{BA69BB65-147A-42D8-A6F5-5D1E57E2D783}.Graton|Mixed Platforms.Build.0 = Graton|Any CPU
		{BA69BB65-147A-42D8-A6F5-5D1E57E2D783}.Graton|x86.ActiveCfg = Graton|Any CPU
		{BA69BB65-147A-42D8-A6F5-5D1E57E2D783}.MountainView|Any CPU.ActiveCfg = Release|Any CPU
		{BA69BB65-147A-42D8-A6F5-5D1E57E2D783}.MountainView|Any CPU.Build.0 = Release|Any CPU
		{BA69BB65-147A-42D8-A6F5-5D1E57E2D783}.MountainView|Mixed Platforms.ActiveCfg = MountainView|Any CPU
		{BA69BB65-147A-42D8-A6F5-5D1E57E2D783}.MountainView|Mixed Platforms.Build.0 = MountainView|Any CPU
		{BA69BB65-147A-42D8-A6F5-5D1E57E2D783}.MountainView|x86.ActiveCfg = MountainView|Any CPU
		{BA69BB65-147A-42D8-A6F5-5D1E57E2D783}.Nice|Any CPU.ActiveCfg = Release|Any CPU
		{BA69BB65-147A-42D8-A6F5-5D1E57E2D783}.Nice|Any CPU.Build.0 = Release|Any CPU
		{BA69BB65-147A-42D8-A6F5-5D1E57E2D783}.Nice|Mixed Platforms.ActiveCfg = Nice|Any CPU
		{BA69BB65-147A-42D8-A6F5-5D1E57E2D783}.Nice|Mixed Platforms.Build.0 = Nice|Any CPU
		{BA69BB65-147A-42D8-A6F5-5D1E57E2D783}.Nice|x86.ActiveCfg = Nice|Any CPU
		{BA69BB65-147A-42D8-A6F5-5D1E57E2D783}.Pasadena|Any CPU.ActiveCfg = Release|Any CPU
		{BA69BB65-147A-42D8-A6F5-5D1E57E2D783}.Pasadena|Any CPU.Build.0 = Release|Any CPU
		{BA69BB65-147A-42D8-A6F5-5D1E57E2D783}.Pasadena|Mixed Platforms.ActiveCfg = Pasadena|Any CPU
		{BA69BB65-147A-42D8-A6F5-5D1E57E2D783}.Pasadena|Mixed Platforms.Build.0 = Pasadena|Any CPU
		{BA69BB65-147A-42D8-A6F5-5D1E57E2D783}.Pasadena|x86.ActiveCfg = Pasadena|Any CPU
		{BA69BB65-147A-42D8-A6F5-5D1E57E2D783}.Pomona|Any CPU.ActiveCfg = Release|Any CPU
		{BA69BB65-147A-42D8-A6F5-5D1E57E2D783}.Pomona|Any CPU.Build.0 = Release|Any CPU
		{BA69BB65-147A-42D8-A6F5-5D1E57E2D783}.Pomona|Mixed Platforms.ActiveCfg = Pomona|Any CPU
		{BA69BB65-147A-42D8-A6F5-5D1E57E2D783}.Pomona|Mixed Platforms.Build.0 = Pomona|Any CPU
		{BA69BB65-147A-42D8-A6F5-5D1E57E2D783}.Pomona|x86.ActiveCfg = Pomona|Any CPU
		{BA69BB65-147A-42D8-A6F5-5D1E57E2D783}.PortlandVoz|Any CPU.ActiveCfg = Release|Any CPU
		{BA69BB65-147A-42D8-A6F5-5D1E57E2D783}.PortlandVoz|Any CPU.Build.0 = Release|Any CPU
		{BA69BB65-147A-42D8-A6F5-5D1E57E2D783}.PortlandVoz|Mixed Platforms.ActiveCfg = PortlandVoz|Any CPU
		{BA69BB65-147A-42D8-A6F5-5D1E57E2D783}.PortlandVoz|Mixed Platforms.Build.0 = PortlandVoz|Any CPU
		{BA69BB65-147A-42D8-A6F5-5D1E57E2D783}.PortlandVoz|x86.ActiveCfg = PortlandVoz|Any CPU
		{BA69BB65-147A-42D8-A6F5-5D1E57E2D783}.Release|Any CPU.ActiveCfg = Release|Any CPU
		{BA69BB65-147A-42D8-A6F5-5D1E57E2D783}.Release|Any CPU.Build.0 = Release|Any CPU
		{BA69BB65-147A-42D8-A6F5-5D1E57E2D783}.Release|Mixed Platforms.ActiveCfg = Release|Any CPU
		{BA69BB65-147A-42D8-A6F5-5D1E57E2D783}.Release|Mixed Platforms.Build.0 = Release|Any CPU
		{BA69BB65-147A-42D8-A6F5-5D1E57E2D783}.Release|x86.ActiveCfg = Release|Any CPU
		{BA69BB65-147A-42D8-A6F5-5D1E57E2D783}.SanFrancisco|Any CPU.ActiveCfg = Release|Any CPU
		{BA69BB65-147A-42D8-A6F5-5D1E57E2D783}.SanFrancisco|Any CPU.Build.0 = Release|Any CPU
		{BA69BB65-147A-42D8-A6F5-5D1E57E2D783}.SanFrancisco|Mixed Platforms.ActiveCfg = SanFrancisco|Any CPU
		{BA69BB65-147A-42D8-A6F5-5D1E57E2D783}.SanFrancisco|Mixed Platforms.Build.0 = SanFrancisco|Any CPU
		{BA69BB65-147A-42D8-A6F5-5D1E57E2D783}.SanFrancisco|x86.ActiveCfg = SanFrancisco|Any CPU
		{BA69BB65-147A-42D8-A6F5-5D1E57E2D783}.SantaCruz|Any CPU.ActiveCfg = Release|Any CPU
		{BA69BB65-147A-42D8-A6F5-5D1E57E2D783}.SantaCruz|Any CPU.Build.0 = Release|Any CPU
		{BA69BB65-147A-42D8-A6F5-5D1E57E2D783}.SantaCruz|Mixed Platforms.ActiveCfg = SantaCruz|Any CPU
		{BA69BB65-147A-42D8-A6F5-5D1E57E2D783}.SantaCruz|Mixed Platforms.Build.0 = SantaCruz|Any CPU
		{BA69BB65-147A-42D8-A6F5-5D1E57E2D783}.SantaCruz|x86.ActiveCfg = SantaCruz|Any CPU
		{BA69BB65-147A-42D8-A6F5-5D1E57E2D783}.Southside|Any CPU.ActiveCfg = Release|Any CPU
		{BA69BB65-147A-42D8-A6F5-5D1E57E2D783}.Southside|Any CPU.Build.0 = Release|Any CPU
		{BA69BB65-147A-42D8-A6F5-5D1E57E2D783}.Southside|Mixed Platforms.ActiveCfg = Southside|Any CPU
		{BA69BB65-147A-42D8-A6F5-5D1E57E2D783}.Southside|Mixed Platforms.Build.0 = Southside|Any CPU
		{BA69BB65-147A-42D8-A6F5-5D1E57E2D783}.Southside|x86.ActiveCfg = Southside|Any CPU
		{BA69BB65-147A-42D8-A6F5-5D1E57E2D783}.Test|Any CPU.ActiveCfg = Release|Any CPU
		{BA69BB65-147A-42D8-A6F5-5D1E57E2D783}.Test|Any CPU.Build.0 = Release|Any CPU
		{BA69BB65-147A-42D8-A6F5-5D1E57E2D783}.Test|Mixed Platforms.ActiveCfg = Release|Any CPU
		{BA69BB65-147A-42D8-A6F5-5D1E57E2D783}.Test|Mixed Platforms.Build.0 = Release|Any CPU
		{BA69BB65-147A-42D8-A6F5-5D1E57E2D783}.Test|x86.ActiveCfg = StageTest|Any CPU
		{BA69BB65-147A-42D8-A6F5-5D1E57E2D783}.WorkersJustice|Any CPU.ActiveCfg = Release|Any CPU
		{BA69BB65-147A-42D8-A6F5-5D1E57E2D783}.WorkersJustice|Any CPU.Build.0 = Release|Any CPU
		{BA69BB65-147A-42D8-A6F5-5D1E57E2D783}.WorkersJustice|Mixed Platforms.ActiveCfg = WorkersJustice|Any CPU
		{BA69BB65-147A-42D8-A6F5-5D1E57E2D783}.WorkersJustice|Mixed Platforms.Build.0 = WorkersJustice|Any CPU
		{BA69BB65-147A-42D8-A6F5-5D1E57E2D783}.WorkersJustice|x86.ActiveCfg = WorkersJustice|Any CPU
		{E667CB78-E80E-4C45-9BDF-1E5EDA0478D3}.CasaLatina|Any CPU.ActiveCfg = Release|Any CPU
		{E667CB78-E80E-4C45-9BDF-1E5EDA0478D3}.CasaLatina|Any CPU.Build.0 = Release|Any CPU
		{E667CB78-E80E-4C45-9BDF-1E5EDA0478D3}.CasaLatina|Mixed Platforms.ActiveCfg = Release|Any CPU
		{E667CB78-E80E-4C45-9BDF-1E5EDA0478D3}.CasaLatina|Mixed Platforms.Build.0 = Release|Any CPU
		{E667CB78-E80E-4C45-9BDF-1E5EDA0478D3}.CasaLatina|x86.ActiveCfg = Release|Any CPU
		{E667CB78-E80E-4C45-9BDF-1E5EDA0478D3}.CentroHumanitario|Any CPU.ActiveCfg = Release|Any CPU
		{E667CB78-E80E-4C45-9BDF-1E5EDA0478D3}.CentroHumanitario|Mixed Platforms.ActiveCfg = CentroHumanitario|Any CPU
		{E667CB78-E80E-4C45-9BDF-1E5EDA0478D3}.CentroHumanitario|Mixed Platforms.Build.0 = CentroHumanitario|Any CPU
		{E667CB78-E80E-4C45-9BDF-1E5EDA0478D3}.CentroHumanitario|x86.ActiveCfg = CentroHumanitario|Any CPU
		{E667CB78-E80E-4C45-9BDF-1E5EDA0478D3}.Concord|Any CPU.ActiveCfg = Release|Any CPU
		{E667CB78-E80E-4C45-9BDF-1E5EDA0478D3}.Concord|Mixed Platforms.ActiveCfg = Concord|Any CPU
		{E667CB78-E80E-4C45-9BDF-1E5EDA0478D3}.Concord|Mixed Platforms.Build.0 = Concord|Any CPU
		{E667CB78-E80E-4C45-9BDF-1E5EDA0478D3}.Concord|x86.ActiveCfg = Concord|Any CPU
		{E667CB78-E80E-4C45-9BDF-1E5EDA0478D3}.Congreso|Any CPU.ActiveCfg = Congreso|Any CPU
		{E667CB78-E80E-4C45-9BDF-1E5EDA0478D3}.Congreso|Any CPU.Build.0 = Congreso|Any CPU
		{E667CB78-E80E-4C45-9BDF-1E5EDA0478D3}.Congreso|Mixed Platforms.ActiveCfg = Congreso|Any CPU
		{E667CB78-E80E-4C45-9BDF-1E5EDA0478D3}.Congreso|Mixed Platforms.Build.0 = Congreso|Any CPU
		{E667CB78-E80E-4C45-9BDF-1E5EDA0478D3}.Congreso|x86.ActiveCfg = Congreso|Any CPU
		{E667CB78-E80E-4C45-9BDF-1E5EDA0478D3}.Dev|Any CPU.ActiveCfg = Debug|Any CPU
		{E667CB78-E80E-4C45-9BDF-1E5EDA0478D3}.Dev|Any CPU.Build.0 = Debug|Any CPU
		{E667CB78-E80E-4C45-9BDF-1E5EDA0478D3}.Dev|Mixed Platforms.ActiveCfg = Debug|Any CPU
		{E667CB78-E80E-4C45-9BDF-1E5EDA0478D3}.Dev|Mixed Platforms.Build.0 = Debug|Any CPU
		{E667CB78-E80E-4C45-9BDF-1E5EDA0478D3}.Dev|x86.ActiveCfg = Debug|Any CPU
		{E667CB78-E80E-4C45-9BDF-1E5EDA0478D3}.DonBosco|Any CPU.ActiveCfg = Release|Any CPU
		{E667CB78-E80E-4C45-9BDF-1E5EDA0478D3}.DonBosco|Mixed Platforms.ActiveCfg = DonBosco|Any CPU
		{E667CB78-E80E-4C45-9BDF-1E5EDA0478D3}.DonBosco|Mixed Platforms.Build.0 = DonBosco|Any CPU
		{E667CB78-E80E-4C45-9BDF-1E5EDA0478D3}.DonBosco|x86.ActiveCfg = DonBosco|Any CPU
		{E667CB78-E80E-4C45-9BDF-1E5EDA0478D3}.ElCentro|Any CPU.ActiveCfg = Release|Any CPU
		{E667CB78-E80E-4C45-9BDF-1E5EDA0478D3}.ElCentro|Mixed Platforms.ActiveCfg = ElCentro|Any CPU
		{E667CB78-E80E-4C45-9BDF-1E5EDA0478D3}.ElCentro|Mixed Platforms.Build.0 = ElCentro|Any CPU
		{E667CB78-E80E-4C45-9BDF-1E5EDA0478D3}.ElCentro|x86.ActiveCfg = ElCentro|Any CPU
		{E667CB78-E80E-4C45-9BDF-1E5EDA0478D3}.Graton|Any CPU.ActiveCfg = Release|Any CPU
		{E667CB78-E80E-4C45-9BDF-1E5EDA0478D3}.Graton|Mixed Platforms.ActiveCfg = Graton|Any CPU
		{E667CB78-E80E-4C45-9BDF-1E5EDA0478D3}.Graton|Mixed Platforms.Build.0 = Graton|Any CPU
		{E667CB78-E80E-4C45-9BDF-1E5EDA0478D3}.Graton|x86.ActiveCfg = Graton|Any CPU
		{E667CB78-E80E-4C45-9BDF-1E5EDA0478D3}.MountainView|Any CPU.ActiveCfg = Release|Any CPU
		{E667CB78-E80E-4C45-9BDF-1E5EDA0478D3}.MountainView|Mixed Platforms.ActiveCfg = MountainView|Any CPU
		{E667CB78-E80E-4C45-9BDF-1E5EDA0478D3}.MountainView|Mixed Platforms.Build.0 = MountainView|Any CPU
		{E667CB78-E80E-4C45-9BDF-1E5EDA0478D3}.MountainView|x86.ActiveCfg = MountainView|Any CPU
		{E667CB78-E80E-4C45-9BDF-1E5EDA0478D3}.Nice|Any CPU.ActiveCfg = Release|Any CPU
		{E667CB78-E80E-4C45-9BDF-1E5EDA0478D3}.Nice|Mixed Platforms.ActiveCfg = Nice|Any CPU
		{E667CB78-E80E-4C45-9BDF-1E5EDA0478D3}.Nice|Mixed Platforms.Build.0 = Nice|Any CPU
		{E667CB78-E80E-4C45-9BDF-1E5EDA0478D3}.Nice|x86.ActiveCfg = Nice|Any CPU
		{E667CB78-E80E-4C45-9BDF-1E5EDA0478D3}.Pasadena|Any CPU.ActiveCfg = Release|Any CPU
		{E667CB78-E80E-4C45-9BDF-1E5EDA0478D3}.Pasadena|Mixed Platforms.ActiveCfg = Pasadena|Any CPU
		{E667CB78-E80E-4C45-9BDF-1E5EDA0478D3}.Pasadena|Mixed Platforms.Build.0 = Pasadena|Any CPU
		{E667CB78-E80E-4C45-9BDF-1E5EDA0478D3}.Pasadena|x86.ActiveCfg = Pasadena|Any CPU
		{E667CB78-E80E-4C45-9BDF-1E5EDA0478D3}.Pomona|Any CPU.ActiveCfg = Release|Any CPU
		{E667CB78-E80E-4C45-9BDF-1E5EDA0478D3}.Pomona|Mixed Platforms.ActiveCfg = Pomona|Any CPU
		{E667CB78-E80E-4C45-9BDF-1E5EDA0478D3}.Pomona|Mixed Platforms.Build.0 = Pomona|Any CPU
		{E667CB78-E80E-4C45-9BDF-1E5EDA0478D3}.Pomona|x86.ActiveCfg = Pomona|Any CPU
		{E667CB78-E80E-4C45-9BDF-1E5EDA0478D3}.PortlandVoz|Any CPU.ActiveCfg = Release|Any CPU
		{E667CB78-E80E-4C45-9BDF-1E5EDA0478D3}.PortlandVoz|Mixed Platforms.ActiveCfg = PortlandVoz|Any CPU
		{E667CB78-E80E-4C45-9BDF-1E5EDA0478D3}.PortlandVoz|Mixed Platforms.Build.0 = PortlandVoz|Any CPU
		{E667CB78-E80E-4C45-9BDF-1E5EDA0478D3}.PortlandVoz|x86.ActiveCfg = PortlandVoz|Any CPU
		{E667CB78-E80E-4C45-9BDF-1E5EDA0478D3}.Release|Any CPU.ActiveCfg = Release|Any CPU
		{E667CB78-E80E-4C45-9BDF-1E5EDA0478D3}.Release|Any CPU.Build.0 = Release|Any CPU
		{E667CB78-E80E-4C45-9BDF-1E5EDA0478D3}.Release|Mixed Platforms.ActiveCfg = Release|Any CPU
		{E667CB78-E80E-4C45-9BDF-1E5EDA0478D3}.Release|Mixed Platforms.Build.0 = Release|Any CPU
		{E667CB78-E80E-4C45-9BDF-1E5EDA0478D3}.Release|x86.ActiveCfg = Release|Any CPU
		{E667CB78-E80E-4C45-9BDF-1E5EDA0478D3}.SanFrancisco|Any CPU.ActiveCfg = Release|Any CPU
		{E667CB78-E80E-4C45-9BDF-1E5EDA0478D3}.SanFrancisco|Mixed Platforms.ActiveCfg = SanFrancisco|Any CPU
		{E667CB78-E80E-4C45-9BDF-1E5EDA0478D3}.SanFrancisco|Mixed Platforms.Build.0 = SanFrancisco|Any CPU
		{E667CB78-E80E-4C45-9BDF-1E5EDA0478D3}.SanFrancisco|x86.ActiveCfg = SanFrancisco|Any CPU
		{E667CB78-E80E-4C45-9BDF-1E5EDA0478D3}.SantaCruz|Any CPU.ActiveCfg = Release|Any CPU
		{E667CB78-E80E-4C45-9BDF-1E5EDA0478D3}.SantaCruz|Mixed Platforms.ActiveCfg = SantaCruz|Any CPU
		{E667CB78-E80E-4C45-9BDF-1E5EDA0478D3}.SantaCruz|Mixed Platforms.Build.0 = SantaCruz|Any CPU
		{E667CB78-E80E-4C45-9BDF-1E5EDA0478D3}.SantaCruz|x86.ActiveCfg = SantaCruz|Any CPU
		{E667CB78-E80E-4C45-9BDF-1E5EDA0478D3}.Southside|Any CPU.ActiveCfg = Release|Any CPU
		{E667CB78-E80E-4C45-9BDF-1E5EDA0478D3}.Southside|Mixed Platforms.ActiveCfg = Southside|Any CPU
		{E667CB78-E80E-4C45-9BDF-1E5EDA0478D3}.Southside|Mixed Platforms.Build.0 = Southside|Any CPU
		{E667CB78-E80E-4C45-9BDF-1E5EDA0478D3}.Southside|x86.ActiveCfg = Southside|Any CPU
		{E667CB78-E80E-4C45-9BDF-1E5EDA0478D3}.Test|Any CPU.ActiveCfg = Release|Any CPU
		{E667CB78-E80E-4C45-9BDF-1E5EDA0478D3}.Test|Any CPU.Build.0 = Release|Any CPU
		{E667CB78-E80E-4C45-9BDF-1E5EDA0478D3}.Test|Mixed Platforms.ActiveCfg = Release|Any CPU
		{E667CB78-E80E-4C45-9BDF-1E5EDA0478D3}.Test|x86.ActiveCfg = StageTest|Any CPU
		{E667CB78-E80E-4C45-9BDF-1E5EDA0478D3}.WorkersJustice|Any CPU.ActiveCfg = Release|Any CPU
		{E667CB78-E80E-4C45-9BDF-1E5EDA0478D3}.WorkersJustice|Mixed Platforms.ActiveCfg = WorkersJustice|Any CPU
		{E667CB78-E80E-4C45-9BDF-1E5EDA0478D3}.WorkersJustice|Mixed Platforms.Build.0 = WorkersJustice|Any CPU
		{E667CB78-E80E-4C45-9BDF-1E5EDA0478D3}.WorkersJustice|x86.ActiveCfg = WorkersJustice|Any CPU
		{2774F04F-8261-4E87-A9BA-5EE8E2807EE6}.CasaLatina|Any CPU.ActiveCfg = Release|x86
		{2774F04F-8261-4E87-A9BA-5EE8E2807EE6}.CasaLatina|Mixed Platforms.ActiveCfg = Release|x86
		{2774F04F-8261-4E87-A9BA-5EE8E2807EE6}.CasaLatina|x86.ActiveCfg = Release|x86
		{2774F04F-8261-4E87-A9BA-5EE8E2807EE6}.CasaLatina|x86.Build.0 = Release|x86
		{2774F04F-8261-4E87-A9BA-5EE8E2807EE6}.CentroHumanitario|Any CPU.ActiveCfg = Release|x86
		{2774F04F-8261-4E87-A9BA-5EE8E2807EE6}.CentroHumanitario|Mixed Platforms.ActiveCfg = CentroHumanitario|x86
		{2774F04F-8261-4E87-A9BA-5EE8E2807EE6}.CentroHumanitario|Mixed Platforms.Build.0 = CentroHumanitario|x86
		{2774F04F-8261-4E87-A9BA-5EE8E2807EE6}.CentroHumanitario|x86.ActiveCfg = CentroHumanitario|x86
		{2774F04F-8261-4E87-A9BA-5EE8E2807EE6}.Concord|Any CPU.ActiveCfg = Release|x86
		{2774F04F-8261-4E87-A9BA-5EE8E2807EE6}.Concord|Mixed Platforms.ActiveCfg = Concord|x86
		{2774F04F-8261-4E87-A9BA-5EE8E2807EE6}.Concord|Mixed Platforms.Build.0 = Concord|x86
		{2774F04F-8261-4E87-A9BA-5EE8E2807EE6}.Concord|x86.ActiveCfg = Concord|x86
		{2774F04F-8261-4E87-A9BA-5EE8E2807EE6}.Congreso|Any CPU.ActiveCfg = Congreso|x86
		{2774F04F-8261-4E87-A9BA-5EE8E2807EE6}.Congreso|Mixed Platforms.ActiveCfg = Congreso|x86
		{2774F04F-8261-4E87-A9BA-5EE8E2807EE6}.Congreso|Mixed Platforms.Build.0 = Congreso|x86
		{2774F04F-8261-4E87-A9BA-5EE8E2807EE6}.Congreso|x86.ActiveCfg = Congreso|x86
		{2774F04F-8261-4E87-A9BA-5EE8E2807EE6}.Congreso|x86.Build.0 = Congreso|x86
		{2774F04F-8261-4E87-A9BA-5EE8E2807EE6}.Dev|Any CPU.ActiveCfg = Debug|x86
		{2774F04F-8261-4E87-A9BA-5EE8E2807EE6}.Dev|Mixed Platforms.ActiveCfg = Debug|x86
		{2774F04F-8261-4E87-A9BA-5EE8E2807EE6}.Dev|x86.ActiveCfg = Debug|x86
		{2774F04F-8261-4E87-A9BA-5EE8E2807EE6}.Dev|x86.Build.0 = Debug|x86
		{2774F04F-8261-4E87-A9BA-5EE8E2807EE6}.DonBosco|Any CPU.ActiveCfg = Release|x86
		{2774F04F-8261-4E87-A9BA-5EE8E2807EE6}.DonBosco|Mixed Platforms.ActiveCfg = DonBosco|x86
		{2774F04F-8261-4E87-A9BA-5EE8E2807EE6}.DonBosco|Mixed Platforms.Build.0 = DonBosco|x86
		{2774F04F-8261-4E87-A9BA-5EE8E2807EE6}.DonBosco|x86.ActiveCfg = DonBosco|x86
		{2774F04F-8261-4E87-A9BA-5EE8E2807EE6}.ElCentro|Any CPU.ActiveCfg = Release|x86
		{2774F04F-8261-4E87-A9BA-5EE8E2807EE6}.ElCentro|Mixed Platforms.ActiveCfg = ElCentro|x86
		{2774F04F-8261-4E87-A9BA-5EE8E2807EE6}.ElCentro|Mixed Platforms.Build.0 = ElCentro|x86
		{2774F04F-8261-4E87-A9BA-5EE8E2807EE6}.ElCentro|x86.ActiveCfg = ElCentro|x86
		{2774F04F-8261-4E87-A9BA-5EE8E2807EE6}.Graton|Any CPU.ActiveCfg = Release|x86
		{2774F04F-8261-4E87-A9BA-5EE8E2807EE6}.Graton|Mixed Platforms.ActiveCfg = Graton|x86
		{2774F04F-8261-4E87-A9BA-5EE8E2807EE6}.Graton|Mixed Platforms.Build.0 = Graton|x86
		{2774F04F-8261-4E87-A9BA-5EE8E2807EE6}.Graton|x86.ActiveCfg = Graton|x86
		{2774F04F-8261-4E87-A9BA-5EE8E2807EE6}.MountainView|Any CPU.ActiveCfg = Release|x86
		{2774F04F-8261-4E87-A9BA-5EE8E2807EE6}.MountainView|Mixed Platforms.ActiveCfg = MountainView|x86
		{2774F04F-8261-4E87-A9BA-5EE8E2807EE6}.MountainView|Mixed Platforms.Build.0 = MountainView|x86
		{2774F04F-8261-4E87-A9BA-5EE8E2807EE6}.MountainView|x86.ActiveCfg = MountainView|x86
		{2774F04F-8261-4E87-A9BA-5EE8E2807EE6}.Nice|Any CPU.ActiveCfg = Release|x86
		{2774F04F-8261-4E87-A9BA-5EE8E2807EE6}.Nice|Mixed Platforms.ActiveCfg = Nice|x86
		{2774F04F-8261-4E87-A9BA-5EE8E2807EE6}.Nice|Mixed Platforms.Build.0 = Nice|x86
		{2774F04F-8261-4E87-A9BA-5EE8E2807EE6}.Nice|x86.ActiveCfg = Nice|x86
		{2774F04F-8261-4E87-A9BA-5EE8E2807EE6}.Pasadena|Any CPU.ActiveCfg = Release|x86
		{2774F04F-8261-4E87-A9BA-5EE8E2807EE6}.Pasadena|Mixed Platforms.ActiveCfg = Pasadena|x86
		{2774F04F-8261-4E87-A9BA-5EE8E2807EE6}.Pasadena|Mixed Platforms.Build.0 = Pasadena|x86
		{2774F04F-8261-4E87-A9BA-5EE8E2807EE6}.Pasadena|x86.ActiveCfg = Pasadena|x86
		{2774F04F-8261-4E87-A9BA-5EE8E2807EE6}.Pomona|Any CPU.ActiveCfg = Release|x86
		{2774F04F-8261-4E87-A9BA-5EE8E2807EE6}.Pomona|Mixed Platforms.ActiveCfg = Pomona|x86
		{2774F04F-8261-4E87-A9BA-5EE8E2807EE6}.Pomona|Mixed Platforms.Build.0 = Pomona|x86
		{2774F04F-8261-4E87-A9BA-5EE8E2807EE6}.Pomona|x86.ActiveCfg = Pomona|x86
		{2774F04F-8261-4E87-A9BA-5EE8E2807EE6}.PortlandVoz|Any CPU.ActiveCfg = Release|x86
		{2774F04F-8261-4E87-A9BA-5EE8E2807EE6}.PortlandVoz|Mixed Platforms.ActiveCfg = PortlandVoz|x86
		{2774F04F-8261-4E87-A9BA-5EE8E2807EE6}.PortlandVoz|Mixed Platforms.Build.0 = PortlandVoz|x86
		{2774F04F-8261-4E87-A9BA-5EE8E2807EE6}.PortlandVoz|x86.ActiveCfg = PortlandVoz|x86
		{2774F04F-8261-4E87-A9BA-5EE8E2807EE6}.Release|Any CPU.ActiveCfg = Release|x86
		{2774F04F-8261-4E87-A9BA-5EE8E2807EE6}.Release|Mixed Platforms.ActiveCfg = Release|x86
		{2774F04F-8261-4E87-A9BA-5EE8E2807EE6}.Release|x86.ActiveCfg = Release|x86
		{2774F04F-8261-4E87-A9BA-5EE8E2807EE6}.Release|x86.Build.0 = Release|x86
		{2774F04F-8261-4E87-A9BA-5EE8E2807EE6}.SanFrancisco|Any CPU.ActiveCfg = Release|x86
		{2774F04F-8261-4E87-A9BA-5EE8E2807EE6}.SanFrancisco|Mixed Platforms.ActiveCfg = SanFrancisco|x86
		{2774F04F-8261-4E87-A9BA-5EE8E2807EE6}.SanFrancisco|Mixed Platforms.Build.0 = SanFrancisco|x86
		{2774F04F-8261-4E87-A9BA-5EE8E2807EE6}.SanFrancisco|x86.ActiveCfg = SanFrancisco|x86
		{2774F04F-8261-4E87-A9BA-5EE8E2807EE6}.SantaCruz|Any CPU.ActiveCfg = Release|x86
		{2774F04F-8261-4E87-A9BA-5EE8E2807EE6}.SantaCruz|Mixed Platforms.ActiveCfg = SantaCruz|x86
		{2774F04F-8261-4E87-A9BA-5EE8E2807EE6}.SantaCruz|Mixed Platforms.Build.0 = SantaCruz|x86
		{2774F04F-8261-4E87-A9BA-5EE8E2807EE6}.SantaCruz|x86.ActiveCfg = SantaCruz|x86
		{2774F04F-8261-4E87-A9BA-5EE8E2807EE6}.Southside|Any CPU.ActiveCfg = Release|x86
		{2774F04F-8261-4E87-A9BA-5EE8E2807EE6}.Southside|Mixed Platforms.ActiveCfg = Southside|x86
		{2774F04F-8261-4E87-A9BA-5EE8E2807EE6}.Southside|Mixed Platforms.Build.0 = Southside|x86
		{2774F04F-8261-4E87-A9BA-5EE8E2807EE6}.Southside|x86.ActiveCfg = Southside|x86
		{2774F04F-8261-4E87-A9BA-5EE8E2807EE6}.Test|Any CPU.ActiveCfg = Release|x86
		{2774F04F-8261-4E87-A9BA-5EE8E2807EE6}.Test|Mixed Platforms.ActiveCfg = Debug|x86
		{2774F04F-8261-4E87-A9BA-5EE8E2807EE6}.Test|x86.ActiveCfg = Debug|x86
		{2774F04F-8261-4E87-A9BA-5EE8E2807EE6}.Test|x86.Build.0 = Debug|x86
		{2774F04F-8261-4E87-A9BA-5EE8E2807EE6}.WorkersJustice|Any CPU.ActiveCfg = Release|x86
		{2774F04F-8261-4E87-A9BA-5EE8E2807EE6}.WorkersJustice|Mixed Platforms.ActiveCfg = WorkersJustice|x86
		{2774F04F-8261-4E87-A9BA-5EE8E2807EE6}.WorkersJustice|Mixed Platforms.Build.0 = WorkersJustice|x86
		{2774F04F-8261-4E87-A9BA-5EE8E2807EE6}.WorkersJustice|x86.ActiveCfg = WorkersJustice|x86
		{48F672E8-4513-4F7E-A296-C0CCC87F9AA1}.CasaLatina|Any CPU.ActiveCfg = Release|Any CPU
		{48F672E8-4513-4F7E-A296-C0CCC87F9AA1}.CasaLatina|Any CPU.Build.0 = Release|Any CPU
		{48F672E8-4513-4F7E-A296-C0CCC87F9AA1}.CasaLatina|Mixed Platforms.ActiveCfg = Release|Any CPU
		{48F672E8-4513-4F7E-A296-C0CCC87F9AA1}.CasaLatina|Mixed Platforms.Build.0 = Release|Any CPU
		{48F672E8-4513-4F7E-A296-C0CCC87F9AA1}.CasaLatina|x86.ActiveCfg = Release|Any CPU
		{48F672E8-4513-4F7E-A296-C0CCC87F9AA1}.CentroHumanitario|Any CPU.ActiveCfg = Release|Any CPU
		{48F672E8-4513-4F7E-A296-C0CCC87F9AA1}.CentroHumanitario|Any CPU.Build.0 = Release|Any CPU
		{48F672E8-4513-4F7E-A296-C0CCC87F9AA1}.CentroHumanitario|Mixed Platforms.ActiveCfg = CentroHumanitario|Any CPU
		{48F672E8-4513-4F7E-A296-C0CCC87F9AA1}.CentroHumanitario|Mixed Platforms.Build.0 = CentroHumanitario|Any CPU
		{48F672E8-4513-4F7E-A296-C0CCC87F9AA1}.CentroHumanitario|x86.ActiveCfg = CentroHumanitario|Any CPU
		{48F672E8-4513-4F7E-A296-C0CCC87F9AA1}.Concord|Any CPU.ActiveCfg = Release|Any CPU
		{48F672E8-4513-4F7E-A296-C0CCC87F9AA1}.Concord|Any CPU.Build.0 = Release|Any CPU
		{48F672E8-4513-4F7E-A296-C0CCC87F9AA1}.Concord|Mixed Platforms.ActiveCfg = Concord|Any CPU
		{48F672E8-4513-4F7E-A296-C0CCC87F9AA1}.Concord|Mixed Platforms.Build.0 = Concord|Any CPU
		{48F672E8-4513-4F7E-A296-C0CCC87F9AA1}.Concord|x86.ActiveCfg = Concord|Any CPU
		{48F672E8-4513-4F7E-A296-C0CCC87F9AA1}.Congreso|Any CPU.ActiveCfg = Congreso|Any CPU
		{48F672E8-4513-4F7E-A296-C0CCC87F9AA1}.Congreso|Any CPU.Build.0 = Congreso|Any CPU
		{48F672E8-4513-4F7E-A296-C0CCC87F9AA1}.Congreso|Mixed Platforms.ActiveCfg = Congreso|Any CPU
		{48F672E8-4513-4F7E-A296-C0CCC87F9AA1}.Congreso|Mixed Platforms.Build.0 = Congreso|Any CPU
		{48F672E8-4513-4F7E-A296-C0CCC87F9AA1}.Congreso|x86.ActiveCfg = Congreso|Any CPU
		{48F672E8-4513-4F7E-A296-C0CCC87F9AA1}.Dev|Any CPU.ActiveCfg = Debug|Any CPU
		{48F672E8-4513-4F7E-A296-C0CCC87F9AA1}.Dev|Any CPU.Build.0 = Debug|Any CPU
		{48F672E8-4513-4F7E-A296-C0CCC87F9AA1}.Dev|Mixed Platforms.ActiveCfg = Debug|Any CPU
		{48F672E8-4513-4F7E-A296-C0CCC87F9AA1}.Dev|Mixed Platforms.Build.0 = Debug|Any CPU
		{48F672E8-4513-4F7E-A296-C0CCC87F9AA1}.Dev|x86.ActiveCfg = Debug|Any CPU
		{48F672E8-4513-4F7E-A296-C0CCC87F9AA1}.DonBosco|Any CPU.ActiveCfg = Release|Any CPU
		{48F672E8-4513-4F7E-A296-C0CCC87F9AA1}.DonBosco|Any CPU.Build.0 = Release|Any CPU
		{48F672E8-4513-4F7E-A296-C0CCC87F9AA1}.DonBosco|Mixed Platforms.ActiveCfg = DonBosco|Any CPU
		{48F672E8-4513-4F7E-A296-C0CCC87F9AA1}.DonBosco|Mixed Platforms.Build.0 = DonBosco|Any CPU
		{48F672E8-4513-4F7E-A296-C0CCC87F9AA1}.DonBosco|x86.ActiveCfg = DonBosco|Any CPU
		{48F672E8-4513-4F7E-A296-C0CCC87F9AA1}.ElCentro|Any CPU.ActiveCfg = Release|Any CPU
		{48F672E8-4513-4F7E-A296-C0CCC87F9AA1}.ElCentro|Any CPU.Build.0 = Release|Any CPU
		{48F672E8-4513-4F7E-A296-C0CCC87F9AA1}.ElCentro|Mixed Platforms.ActiveCfg = ElCentro|Any CPU
		{48F672E8-4513-4F7E-A296-C0CCC87F9AA1}.ElCentro|Mixed Platforms.Build.0 = ElCentro|Any CPU
		{48F672E8-4513-4F7E-A296-C0CCC87F9AA1}.ElCentro|x86.ActiveCfg = ElCentro|Any CPU
		{48F672E8-4513-4F7E-A296-C0CCC87F9AA1}.Graton|Any CPU.ActiveCfg = Release|Any CPU
		{48F672E8-4513-4F7E-A296-C0CCC87F9AA1}.Graton|Any CPU.Build.0 = Release|Any CPU
		{48F672E8-4513-4F7E-A296-C0CCC87F9AA1}.Graton|Mixed Platforms.ActiveCfg = Graton|Any CPU
		{48F672E8-4513-4F7E-A296-C0CCC87F9AA1}.Graton|Mixed Platforms.Build.0 = Graton|Any CPU
		{48F672E8-4513-4F7E-A296-C0CCC87F9AA1}.Graton|x86.ActiveCfg = Graton|Any CPU
		{48F672E8-4513-4F7E-A296-C0CCC87F9AA1}.MountainView|Any CPU.ActiveCfg = Release|Any CPU
		{48F672E8-4513-4F7E-A296-C0CCC87F9AA1}.MountainView|Any CPU.Build.0 = Release|Any CPU
		{48F672E8-4513-4F7E-A296-C0CCC87F9AA1}.MountainView|Mixed Platforms.ActiveCfg = MountainView|Any CPU
		{48F672E8-4513-4F7E-A296-C0CCC87F9AA1}.MountainView|Mixed Platforms.Build.0 = MountainView|Any CPU
		{48F672E8-4513-4F7E-A296-C0CCC87F9AA1}.MountainView|x86.ActiveCfg = MountainView|Any CPU
		{48F672E8-4513-4F7E-A296-C0CCC87F9AA1}.Nice|Any CPU.ActiveCfg = Release|Any CPU
		{48F672E8-4513-4F7E-A296-C0CCC87F9AA1}.Nice|Any CPU.Build.0 = Release|Any CPU
		{48F672E8-4513-4F7E-A296-C0CCC87F9AA1}.Nice|Mixed Platforms.ActiveCfg = Nice|Any CPU
		{48F672E8-4513-4F7E-A296-C0CCC87F9AA1}.Nice|Mixed Platforms.Build.0 = Nice|Any CPU
		{48F672E8-4513-4F7E-A296-C0CCC87F9AA1}.Nice|x86.ActiveCfg = Nice|Any CPU
		{48F672E8-4513-4F7E-A296-C0CCC87F9AA1}.Pasadena|Any CPU.ActiveCfg = Release|Any CPU
		{48F672E8-4513-4F7E-A296-C0CCC87F9AA1}.Pasadena|Any CPU.Build.0 = Release|Any CPU
		{48F672E8-4513-4F7E-A296-C0CCC87F9AA1}.Pasadena|Mixed Platforms.ActiveCfg = Pasadena|Any CPU
		{48F672E8-4513-4F7E-A296-C0CCC87F9AA1}.Pasadena|Mixed Platforms.Build.0 = Pasadena|Any CPU
		{48F672E8-4513-4F7E-A296-C0CCC87F9AA1}.Pasadena|x86.ActiveCfg = Pasadena|Any CPU
		{48F672E8-4513-4F7E-A296-C0CCC87F9AA1}.Pomona|Any CPU.ActiveCfg = Release|Any CPU
		{48F672E8-4513-4F7E-A296-C0CCC87F9AA1}.Pomona|Any CPU.Build.0 = Release|Any CPU
		{48F672E8-4513-4F7E-A296-C0CCC87F9AA1}.Pomona|Mixed Platforms.ActiveCfg = Pomona|Any CPU
		{48F672E8-4513-4F7E-A296-C0CCC87F9AA1}.Pomona|Mixed Platforms.Build.0 = Pomona|Any CPU
		{48F672E8-4513-4F7E-A296-C0CCC87F9AA1}.Pomona|x86.ActiveCfg = Pomona|Any CPU
		{48F672E8-4513-4F7E-A296-C0CCC87F9AA1}.PortlandVoz|Any CPU.ActiveCfg = Release|Any CPU
		{48F672E8-4513-4F7E-A296-C0CCC87F9AA1}.PortlandVoz|Any CPU.Build.0 = Release|Any CPU
		{48F672E8-4513-4F7E-A296-C0CCC87F9AA1}.PortlandVoz|Mixed Platforms.ActiveCfg = PortlandVoz|Any CPU
		{48F672E8-4513-4F7E-A296-C0CCC87F9AA1}.PortlandVoz|Mixed Platforms.Build.0 = PortlandVoz|Any CPU
		{48F672E8-4513-4F7E-A296-C0CCC87F9AA1}.PortlandVoz|x86.ActiveCfg = PortlandVoz|Any CPU
		{48F672E8-4513-4F7E-A296-C0CCC87F9AA1}.Release|Any CPU.ActiveCfg = Release|Any CPU
		{48F672E8-4513-4F7E-A296-C0CCC87F9AA1}.Release|Any CPU.Build.0 = Release|Any CPU
		{48F672E8-4513-4F7E-A296-C0CCC87F9AA1}.Release|Mixed Platforms.ActiveCfg = Release|Any CPU
		{48F672E8-4513-4F7E-A296-C0CCC87F9AA1}.Release|Mixed Platforms.Build.0 = Release|Any CPU
		{48F672E8-4513-4F7E-A296-C0CCC87F9AA1}.Release|x86.ActiveCfg = Release|Any CPU
		{48F672E8-4513-4F7E-A296-C0CCC87F9AA1}.SanFrancisco|Any CPU.ActiveCfg = Release|Any CPU
		{48F672E8-4513-4F7E-A296-C0CCC87F9AA1}.SanFrancisco|Any CPU.Build.0 = Release|Any CPU
		{48F672E8-4513-4F7E-A296-C0CCC87F9AA1}.SanFrancisco|Mixed Platforms.ActiveCfg = SanFrancisco|Any CPU
		{48F672E8-4513-4F7E-A296-C0CCC87F9AA1}.SanFrancisco|Mixed Platforms.Build.0 = SanFrancisco|Any CPU
		{48F672E8-4513-4F7E-A296-C0CCC87F9AA1}.SanFrancisco|x86.ActiveCfg = SanFrancisco|Any CPU
		{48F672E8-4513-4F7E-A296-C0CCC87F9AA1}.SantaCruz|Any CPU.ActiveCfg = Release|Any CPU
		{48F672E8-4513-4F7E-A296-C0CCC87F9AA1}.SantaCruz|Any CPU.Build.0 = Release|Any CPU
		{48F672E8-4513-4F7E-A296-C0CCC87F9AA1}.SantaCruz|Mixed Platforms.ActiveCfg = SantaCruz|Any CPU
		{48F672E8-4513-4F7E-A296-C0CCC87F9AA1}.SantaCruz|Mixed Platforms.Build.0 = SantaCruz|Any CPU
		{48F672E8-4513-4F7E-A296-C0CCC87F9AA1}.SantaCruz|x86.ActiveCfg = SantaCruz|Any CPU
		{48F672E8-4513-4F7E-A296-C0CCC87F9AA1}.Southside|Any CPU.ActiveCfg = Release|Any CPU
		{48F672E8-4513-4F7E-A296-C0CCC87F9AA1}.Southside|Any CPU.Build.0 = Release|Any CPU
		{48F672E8-4513-4F7E-A296-C0CCC87F9AA1}.Southside|Mixed Platforms.ActiveCfg = Southside|Any CPU
		{48F672E8-4513-4F7E-A296-C0CCC87F9AA1}.Southside|Mixed Platforms.Build.0 = Southside|Any CPU
		{48F672E8-4513-4F7E-A296-C0CCC87F9AA1}.Southside|x86.ActiveCfg = Southside|Any CPU
		{48F672E8-4513-4F7E-A296-C0CCC87F9AA1}.Test|Any CPU.ActiveCfg = Release|Any CPU
		{48F672E8-4513-4F7E-A296-C0CCC87F9AA1}.Test|Any CPU.Build.0 = Release|Any CPU
		{48F672E8-4513-4F7E-A296-C0CCC87F9AA1}.Test|Mixed Platforms.ActiveCfg = Release|Any CPU
		{48F672E8-4513-4F7E-A296-C0CCC87F9AA1}.Test|Mixed Platforms.Build.0 = Release|Any CPU
		{48F672E8-4513-4F7E-A296-C0CCC87F9AA1}.Test|x86.ActiveCfg = StageTest|Any CPU
		{48F672E8-4513-4F7E-A296-C0CCC87F9AA1}.WorkersJustice|Any CPU.ActiveCfg = Release|Any CPU
		{48F672E8-4513-4F7E-A296-C0CCC87F9AA1}.WorkersJustice|Any CPU.Build.0 = Release|Any CPU
		{48F672E8-4513-4F7E-A296-C0CCC87F9AA1}.WorkersJustice|Mixed Platforms.ActiveCfg = WorkersJustice|Any CPU
		{48F672E8-4513-4F7E-A296-C0CCC87F9AA1}.WorkersJustice|Mixed Platforms.Build.0 = WorkersJustice|Any CPU
		{48F672E8-4513-4F7E-A296-C0CCC87F9AA1}.WorkersJustice|x86.ActiveCfg = WorkersJustice|Any CPU
		{A9F879BC-CA11-4470-A655-8541B5DA41A1}.CasaLatina|Any CPU.ActiveCfg = Release|Any CPU
		{A9F879BC-CA11-4470-A655-8541B5DA41A1}.CasaLatina|Any CPU.Build.0 = Release|Any CPU
		{A9F879BC-CA11-4470-A655-8541B5DA41A1}.CasaLatina|Mixed Platforms.ActiveCfg = Release|Any CPU
		{A9F879BC-CA11-4470-A655-8541B5DA41A1}.CasaLatina|Mixed Platforms.Build.0 = Release|Any CPU
		{A9F879BC-CA11-4470-A655-8541B5DA41A1}.CasaLatina|x86.ActiveCfg = Release|Any CPU
		{A9F879BC-CA11-4470-A655-8541B5DA41A1}.CentroHumanitario|Any CPU.ActiveCfg = Release|Any CPU
		{A9F879BC-CA11-4470-A655-8541B5DA41A1}.CentroHumanitario|Any CPU.Build.0 = Release|Any CPU
		{A9F879BC-CA11-4470-A655-8541B5DA41A1}.CentroHumanitario|Mixed Platforms.ActiveCfg = CentroHumanitario|Any CPU
		{A9F879BC-CA11-4470-A655-8541B5DA41A1}.CentroHumanitario|Mixed Platforms.Build.0 = CentroHumanitario|Any CPU
		{A9F879BC-CA11-4470-A655-8541B5DA41A1}.CentroHumanitario|x86.ActiveCfg = CentroHumanitario|Any CPU
		{A9F879BC-CA11-4470-A655-8541B5DA41A1}.Concord|Any CPU.ActiveCfg = Release|Any CPU
		{A9F879BC-CA11-4470-A655-8541B5DA41A1}.Concord|Any CPU.Build.0 = Release|Any CPU
		{A9F879BC-CA11-4470-A655-8541B5DA41A1}.Concord|Mixed Platforms.ActiveCfg = Concord|Any CPU
		{A9F879BC-CA11-4470-A655-8541B5DA41A1}.Concord|Mixed Platforms.Build.0 = Concord|Any CPU
		{A9F879BC-CA11-4470-A655-8541B5DA41A1}.Concord|x86.ActiveCfg = Concord|Any CPU
		{A9F879BC-CA11-4470-A655-8541B5DA41A1}.Congreso|Any CPU.ActiveCfg = Congreso|Any CPU
		{A9F879BC-CA11-4470-A655-8541B5DA41A1}.Congreso|Any CPU.Build.0 = Congreso|Any CPU
		{A9F879BC-CA11-4470-A655-8541B5DA41A1}.Congreso|Mixed Platforms.ActiveCfg = Congreso|Any CPU
		{A9F879BC-CA11-4470-A655-8541B5DA41A1}.Congreso|Mixed Platforms.Build.0 = Congreso|Any CPU
		{A9F879BC-CA11-4470-A655-8541B5DA41A1}.Congreso|x86.ActiveCfg = Congreso|Any CPU
		{A9F879BC-CA11-4470-A655-8541B5DA41A1}.Dev|Any CPU.ActiveCfg = Debug|Any CPU
		{A9F879BC-CA11-4470-A655-8541B5DA41A1}.Dev|Any CPU.Build.0 = Debug|Any CPU
		{A9F879BC-CA11-4470-A655-8541B5DA41A1}.Dev|Mixed Platforms.ActiveCfg = Debug|Any CPU
		{A9F879BC-CA11-4470-A655-8541B5DA41A1}.Dev|Mixed Platforms.Build.0 = Debug|Any CPU
		{A9F879BC-CA11-4470-A655-8541B5DA41A1}.Dev|x86.ActiveCfg = Debug|Any CPU
		{A9F879BC-CA11-4470-A655-8541B5DA41A1}.DonBosco|Any CPU.ActiveCfg = Release|Any CPU
		{A9F879BC-CA11-4470-A655-8541B5DA41A1}.DonBosco|Any CPU.Build.0 = Release|Any CPU
		{A9F879BC-CA11-4470-A655-8541B5DA41A1}.DonBosco|Mixed Platforms.ActiveCfg = DonBosco|Any CPU
		{A9F879BC-CA11-4470-A655-8541B5DA41A1}.DonBosco|Mixed Platforms.Build.0 = DonBosco|Any CPU
		{A9F879BC-CA11-4470-A655-8541B5DA41A1}.DonBosco|x86.ActiveCfg = DonBosco|Any CPU
		{A9F879BC-CA11-4470-A655-8541B5DA41A1}.ElCentro|Any CPU.ActiveCfg = Release|Any CPU
		{A9F879BC-CA11-4470-A655-8541B5DA41A1}.ElCentro|Any CPU.Build.0 = Release|Any CPU
		{A9F879BC-CA11-4470-A655-8541B5DA41A1}.ElCentro|Mixed Platforms.ActiveCfg = ElCentro|Any CPU
		{A9F879BC-CA11-4470-A655-8541B5DA41A1}.ElCentro|Mixed Platforms.Build.0 = ElCentro|Any CPU
		{A9F879BC-CA11-4470-A655-8541B5DA41A1}.ElCentro|x86.ActiveCfg = ElCentro|Any CPU
		{A9F879BC-CA11-4470-A655-8541B5DA41A1}.Graton|Any CPU.ActiveCfg = Release|Any CPU
		{A9F879BC-CA11-4470-A655-8541B5DA41A1}.Graton|Any CPU.Build.0 = Release|Any CPU
		{A9F879BC-CA11-4470-A655-8541B5DA41A1}.Graton|Mixed Platforms.ActiveCfg = Graton|Any CPU
		{A9F879BC-CA11-4470-A655-8541B5DA41A1}.Graton|Mixed Platforms.Build.0 = Graton|Any CPU
		{A9F879BC-CA11-4470-A655-8541B5DA41A1}.Graton|x86.ActiveCfg = Graton|Any CPU
		{A9F879BC-CA11-4470-A655-8541B5DA41A1}.MountainView|Any CPU.ActiveCfg = Release|Any CPU
		{A9F879BC-CA11-4470-A655-8541B5DA41A1}.MountainView|Any CPU.Build.0 = Release|Any CPU
		{A9F879BC-CA11-4470-A655-8541B5DA41A1}.MountainView|Mixed Platforms.ActiveCfg = MountainView|Any CPU
		{A9F879BC-CA11-4470-A655-8541B5DA41A1}.MountainView|Mixed Platforms.Build.0 = MountainView|Any CPU
		{A9F879BC-CA11-4470-A655-8541B5DA41A1}.MountainView|x86.ActiveCfg = MountainView|Any CPU
		{A9F879BC-CA11-4470-A655-8541B5DA41A1}.Nice|Any CPU.ActiveCfg = Release|Any CPU
		{A9F879BC-CA11-4470-A655-8541B5DA41A1}.Nice|Any CPU.Build.0 = Release|Any CPU
		{A9F879BC-CA11-4470-A655-8541B5DA41A1}.Nice|Mixed Platforms.ActiveCfg = Nice|Any CPU
		{A9F879BC-CA11-4470-A655-8541B5DA41A1}.Nice|Mixed Platforms.Build.0 = Nice|Any CPU
		{A9F879BC-CA11-4470-A655-8541B5DA41A1}.Nice|x86.ActiveCfg = Nice|Any CPU
		{A9F879BC-CA11-4470-A655-8541B5DA41A1}.Pasadena|Any CPU.ActiveCfg = Release|Any CPU
		{A9F879BC-CA11-4470-A655-8541B5DA41A1}.Pasadena|Any CPU.Build.0 = Release|Any CPU
		{A9F879BC-CA11-4470-A655-8541B5DA41A1}.Pasadena|Mixed Platforms.ActiveCfg = Pasadena|Any CPU
		{A9F879BC-CA11-4470-A655-8541B5DA41A1}.Pasadena|Mixed Platforms.Build.0 = Pasadena|Any CPU
		{A9F879BC-CA11-4470-A655-8541B5DA41A1}.Pasadena|x86.ActiveCfg = Pasadena|Any CPU
		{A9F879BC-CA11-4470-A655-8541B5DA41A1}.Pomona|Any CPU.ActiveCfg = Release|Any CPU
		{A9F879BC-CA11-4470-A655-8541B5DA41A1}.Pomona|Any CPU.Build.0 = Release|Any CPU
		{A9F879BC-CA11-4470-A655-8541B5DA41A1}.Pomona|Mixed Platforms.ActiveCfg = Pomona|Any CPU
		{A9F879BC-CA11-4470-A655-8541B5DA41A1}.Pomona|Mixed Platforms.Build.0 = Pomona|Any CPU
		{A9F879BC-CA11-4470-A655-8541B5DA41A1}.Pomona|x86.ActiveCfg = Pomona|Any CPU
		{A9F879BC-CA11-4470-A655-8541B5DA41A1}.PortlandVoz|Any CPU.ActiveCfg = Release|Any CPU
		{A9F879BC-CA11-4470-A655-8541B5DA41A1}.PortlandVoz|Any CPU.Build.0 = Release|Any CPU
		{A9F879BC-CA11-4470-A655-8541B5DA41A1}.PortlandVoz|Mixed Platforms.ActiveCfg = PortlandVoz|Any CPU
		{A9F879BC-CA11-4470-A655-8541B5DA41A1}.PortlandVoz|Mixed Platforms.Build.0 = PortlandVoz|Any CPU
		{A9F879BC-CA11-4470-A655-8541B5DA41A1}.PortlandVoz|x86.ActiveCfg = PortlandVoz|Any CPU
		{A9F879BC-CA11-4470-A655-8541B5DA41A1}.Release|Any CPU.ActiveCfg = Release|Any CPU
		{A9F879BC-CA11-4470-A655-8541B5DA41A1}.Release|Any CPU.Build.0 = Release|Any CPU
		{A9F879BC-CA11-4470-A655-8541B5DA41A1}.Release|Mixed Platforms.ActiveCfg = Release|Any CPU
		{A9F879BC-CA11-4470-A655-8541B5DA41A1}.Release|Mixed Platforms.Build.0 = Release|Any CPU
		{A9F879BC-CA11-4470-A655-8541B5DA41A1}.Release|x86.ActiveCfg = Release|Any CPU
		{A9F879BC-CA11-4470-A655-8541B5DA41A1}.SanFrancisco|Any CPU.ActiveCfg = Release|Any CPU
		{A9F879BC-CA11-4470-A655-8541B5DA41A1}.SanFrancisco|Any CPU.Build.0 = Release|Any CPU
		{A9F879BC-CA11-4470-A655-8541B5DA41A1}.SanFrancisco|Mixed Platforms.ActiveCfg = SanFrancisco|Any CPU
		{A9F879BC-CA11-4470-A655-8541B5DA41A1}.SanFrancisco|Mixed Platforms.Build.0 = SanFrancisco|Any CPU
		{A9F879BC-CA11-4470-A655-8541B5DA41A1}.SanFrancisco|x86.ActiveCfg = SanFrancisco|Any CPU
		{A9F879BC-CA11-4470-A655-8541B5DA41A1}.SantaCruz|Any CPU.ActiveCfg = Release|Any CPU
		{A9F879BC-CA11-4470-A655-8541B5DA41A1}.SantaCruz|Any CPU.Build.0 = Release|Any CPU
		{A9F879BC-CA11-4470-A655-8541B5DA41A1}.SantaCruz|Mixed Platforms.ActiveCfg = SantaCruz|Any CPU
		{A9F879BC-CA11-4470-A655-8541B5DA41A1}.SantaCruz|Mixed Platforms.Build.0 = SantaCruz|Any CPU
		{A9F879BC-CA11-4470-A655-8541B5DA41A1}.SantaCruz|x86.ActiveCfg = SantaCruz|Any CPU
		{A9F879BC-CA11-4470-A655-8541B5DA41A1}.Southside|Any CPU.ActiveCfg = Release|Any CPU
		{A9F879BC-CA11-4470-A655-8541B5DA41A1}.Southside|Any CPU.Build.0 = Release|Any CPU
		{A9F879BC-CA11-4470-A655-8541B5DA41A1}.Southside|Mixed Platforms.ActiveCfg = Southside|Any CPU
		{A9F879BC-CA11-4470-A655-8541B5DA41A1}.Southside|Mixed Platforms.Build.0 = Southside|Any CPU
		{A9F879BC-CA11-4470-A655-8541B5DA41A1}.Southside|x86.ActiveCfg = Southside|Any CPU
		{A9F879BC-CA11-4470-A655-8541B5DA41A1}.Test|Any CPU.ActiveCfg = Release|Any CPU
		{A9F879BC-CA11-4470-A655-8541B5DA41A1}.Test|Any CPU.Build.0 = Release|Any CPU
		{A9F879BC-CA11-4470-A655-8541B5DA41A1}.Test|Mixed Platforms.ActiveCfg = Release|Any CPU
		{A9F879BC-CA11-4470-A655-8541B5DA41A1}.Test|Mixed Platforms.Build.0 = Release|Any CPU
		{A9F879BC-CA11-4470-A655-8541B5DA41A1}.Test|x86.ActiveCfg = StageTest|Any CPU
		{A9F879BC-CA11-4470-A655-8541B5DA41A1}.WorkersJustice|Any CPU.ActiveCfg = Release|Any CPU
		{A9F879BC-CA11-4470-A655-8541B5DA41A1}.WorkersJustice|Any CPU.Build.0 = Release|Any CPU
		{A9F879BC-CA11-4470-A655-8541B5DA41A1}.WorkersJustice|Mixed Platforms.ActiveCfg = WorkersJustice|Any CPU
		{A9F879BC-CA11-4470-A655-8541B5DA41A1}.WorkersJustice|Mixed Platforms.Build.0 = WorkersJustice|Any CPU
		{A9F879BC-CA11-4470-A655-8541B5DA41A1}.WorkersJustice|x86.ActiveCfg = WorkersJustice|Any CPU
		{3E1B598D-9E47-4967-93E6-4D6DDF4AB7EF}.CasaLatina|Any CPU.ActiveCfg = Release|Any CPU
		{3E1B598D-9E47-4967-93E6-4D6DDF4AB7EF}.CasaLatina|Mixed Platforms.ActiveCfg = Release|Any CPU
		{3E1B598D-9E47-4967-93E6-4D6DDF4AB7EF}.CasaLatina|Mixed Platforms.Build.0 = Release|Any CPU
		{3E1B598D-9E47-4967-93E6-4D6DDF4AB7EF}.CasaLatina|x86.ActiveCfg = Release|Any CPU
		{3E1B598D-9E47-4967-93E6-4D6DDF4AB7EF}.CentroHumanitario|Any CPU.ActiveCfg = Release|Any CPU
		{3E1B598D-9E47-4967-93E6-4D6DDF4AB7EF}.CentroHumanitario|Mixed Platforms.ActiveCfg = CentroHumanitario|Any CPU
		{3E1B598D-9E47-4967-93E6-4D6DDF4AB7EF}.CentroHumanitario|Mixed Platforms.Build.0 = CentroHumanitario|Any CPU
		{3E1B598D-9E47-4967-93E6-4D6DDF4AB7EF}.CentroHumanitario|x86.ActiveCfg = CentroHumanitario|Any CPU
		{3E1B598D-9E47-4967-93E6-4D6DDF4AB7EF}.Concord|Any CPU.ActiveCfg = Release|Any CPU
		{3E1B598D-9E47-4967-93E6-4D6DDF4AB7EF}.Concord|Mixed Platforms.ActiveCfg = Concord|Any CPU
		{3E1B598D-9E47-4967-93E6-4D6DDF4AB7EF}.Concord|Mixed Platforms.Build.0 = Concord|Any CPU
		{3E1B598D-9E47-4967-93E6-4D6DDF4AB7EF}.Concord|x86.ActiveCfg = Concord|Any CPU
		{3E1B598D-9E47-4967-93E6-4D6DDF4AB7EF}.Congreso|Any CPU.ActiveCfg = Congreso|Any CPU
		{3E1B598D-9E47-4967-93E6-4D6DDF4AB7EF}.Congreso|Mixed Platforms.ActiveCfg = Congreso|Any CPU
		{3E1B598D-9E47-4967-93E6-4D6DDF4AB7EF}.Congreso|Mixed Platforms.Build.0 = Congreso|Any CPU
		{3E1B598D-9E47-4967-93E6-4D6DDF4AB7EF}.Congreso|x86.ActiveCfg = Congreso|Any CPU
		{3E1B598D-9E47-4967-93E6-4D6DDF4AB7EF}.Dev|Any CPU.ActiveCfg = Debug|Any CPU
		{3E1B598D-9E47-4967-93E6-4D6DDF4AB7EF}.Dev|Any CPU.Build.0 = Debug|Any CPU
		{3E1B598D-9E47-4967-93E6-4D6DDF4AB7EF}.Dev|Mixed Platforms.ActiveCfg = Debug|Any CPU
		{3E1B598D-9E47-4967-93E6-4D6DDF4AB7EF}.Dev|x86.ActiveCfg = Debug|Any CPU
		{3E1B598D-9E47-4967-93E6-4D6DDF4AB7EF}.DonBosco|Any CPU.ActiveCfg = Release|Any CPU
		{3E1B598D-9E47-4967-93E6-4D6DDF4AB7EF}.DonBosco|Mixed Platforms.ActiveCfg = DonBosco|Any CPU
		{3E1B598D-9E47-4967-93E6-4D6DDF4AB7EF}.DonBosco|Mixed Platforms.Build.0 = DonBosco|Any CPU
		{3E1B598D-9E47-4967-93E6-4D6DDF4AB7EF}.DonBosco|x86.ActiveCfg = DonBosco|Any CPU
		{3E1B598D-9E47-4967-93E6-4D6DDF4AB7EF}.ElCentro|Any CPU.ActiveCfg = Release|Any CPU
		{3E1B598D-9E47-4967-93E6-4D6DDF4AB7EF}.ElCentro|Mixed Platforms.ActiveCfg = ElCentro|Any CPU
		{3E1B598D-9E47-4967-93E6-4D6DDF4AB7EF}.ElCentro|Mixed Platforms.Build.0 = ElCentro|Any CPU
		{3E1B598D-9E47-4967-93E6-4D6DDF4AB7EF}.ElCentro|x86.ActiveCfg = ElCentro|Any CPU
		{3E1B598D-9E47-4967-93E6-4D6DDF4AB7EF}.Graton|Any CPU.ActiveCfg = Release|Any CPU
		{3E1B598D-9E47-4967-93E6-4D6DDF4AB7EF}.Graton|Mixed Platforms.ActiveCfg = Graton|Any CPU
		{3E1B598D-9E47-4967-93E6-4D6DDF4AB7EF}.Graton|Mixed Platforms.Build.0 = Graton|Any CPU
		{3E1B598D-9E47-4967-93E6-4D6DDF4AB7EF}.Graton|x86.ActiveCfg = Graton|Any CPU
		{3E1B598D-9E47-4967-93E6-4D6DDF4AB7EF}.MountainView|Any CPU.ActiveCfg = Release|Any CPU
		{3E1B598D-9E47-4967-93E6-4D6DDF4AB7EF}.MountainView|Mixed Platforms.ActiveCfg = MountainView|Any CPU
		{3E1B598D-9E47-4967-93E6-4D6DDF4AB7EF}.MountainView|Mixed Platforms.Build.0 = MountainView|Any CPU
		{3E1B598D-9E47-4967-93E6-4D6DDF4AB7EF}.MountainView|x86.ActiveCfg = MountainView|Any CPU
		{3E1B598D-9E47-4967-93E6-4D6DDF4AB7EF}.Nice|Any CPU.ActiveCfg = Release|Any CPU
		{3E1B598D-9E47-4967-93E6-4D6DDF4AB7EF}.Nice|Mixed Platforms.ActiveCfg = Nice|Any CPU
		{3E1B598D-9E47-4967-93E6-4D6DDF4AB7EF}.Nice|Mixed Platforms.Build.0 = Nice|Any CPU
		{3E1B598D-9E47-4967-93E6-4D6DDF4AB7EF}.Nice|x86.ActiveCfg = Nice|Any CPU
		{3E1B598D-9E47-4967-93E6-4D6DDF4AB7EF}.Pasadena|Any CPU.ActiveCfg = Release|Any CPU
		{3E1B598D-9E47-4967-93E6-4D6DDF4AB7EF}.Pasadena|Mixed Platforms.ActiveCfg = Pasadena|Any CPU
		{3E1B598D-9E47-4967-93E6-4D6DDF4AB7EF}.Pasadena|Mixed Platforms.Build.0 = Pasadena|Any CPU
		{3E1B598D-9E47-4967-93E6-4D6DDF4AB7EF}.Pasadena|x86.ActiveCfg = Pasadena|Any CPU
		{3E1B598D-9E47-4967-93E6-4D6DDF4AB7EF}.Pomona|Any CPU.ActiveCfg = Release|Any CPU
		{3E1B598D-9E47-4967-93E6-4D6DDF4AB7EF}.Pomona|Mixed Platforms.ActiveCfg = Pomona|Any CPU
		{3E1B598D-9E47-4967-93E6-4D6DDF4AB7EF}.Pomona|Mixed Platforms.Build.0 = Pomona|Any CPU
		{3E1B598D-9E47-4967-93E6-4D6DDF4AB7EF}.Pomona|x86.ActiveCfg = Pomona|Any CPU
		{3E1B598D-9E47-4967-93E6-4D6DDF4AB7EF}.PortlandVoz|Any CPU.ActiveCfg = Release|Any CPU
		{3E1B598D-9E47-4967-93E6-4D6DDF4AB7EF}.PortlandVoz|Mixed Platforms.ActiveCfg = PortlandVoz|Any CPU
		{3E1B598D-9E47-4967-93E6-4D6DDF4AB7EF}.PortlandVoz|Mixed Platforms.Build.0 = PortlandVoz|Any CPU
		{3E1B598D-9E47-4967-93E6-4D6DDF4AB7EF}.PortlandVoz|x86.ActiveCfg = PortlandVoz|Any CPU
		{3E1B598D-9E47-4967-93E6-4D6DDF4AB7EF}.Release|Any CPU.ActiveCfg = Release|Any CPU
		{3E1B598D-9E47-4967-93E6-4D6DDF4AB7EF}.Release|Mixed Platforms.ActiveCfg = Release|Any CPU
		{3E1B598D-9E47-4967-93E6-4D6DDF4AB7EF}.Release|Mixed Platforms.Build.0 = Release|Any CPU
		{3E1B598D-9E47-4967-93E6-4D6DDF4AB7EF}.Release|x86.ActiveCfg = Release|Any CPU
		{3E1B598D-9E47-4967-93E6-4D6DDF4AB7EF}.SanFrancisco|Any CPU.ActiveCfg = Release|Any CPU
		{3E1B598D-9E47-4967-93E6-4D6DDF4AB7EF}.SanFrancisco|Mixed Platforms.ActiveCfg = SanFrancisco|Any CPU
		{3E1B598D-9E47-4967-93E6-4D6DDF4AB7EF}.SanFrancisco|Mixed Platforms.Build.0 = SanFrancisco|Any CPU
		{3E1B598D-9E47-4967-93E6-4D6DDF4AB7EF}.SanFrancisco|x86.ActiveCfg = SanFrancisco|Any CPU
		{3E1B598D-9E47-4967-93E6-4D6DDF4AB7EF}.SantaCruz|Any CPU.ActiveCfg = Release|Any CPU
		{3E1B598D-9E47-4967-93E6-4D6DDF4AB7EF}.SantaCruz|Mixed Platforms.ActiveCfg = SantaCruz|Any CPU
		{3E1B598D-9E47-4967-93E6-4D6DDF4AB7EF}.SantaCruz|Mixed Platforms.Build.0 = SantaCruz|Any CPU
		{3E1B598D-9E47-4967-93E6-4D6DDF4AB7EF}.SantaCruz|x86.ActiveCfg = SantaCruz|Any CPU
		{3E1B598D-9E47-4967-93E6-4D6DDF4AB7EF}.Southside|Any CPU.ActiveCfg = Release|Any CPU
		{3E1B598D-9E47-4967-93E6-4D6DDF4AB7EF}.Southside|Mixed Platforms.ActiveCfg = Southside|Any CPU
		{3E1B598D-9E47-4967-93E6-4D6DDF4AB7EF}.Southside|Mixed Platforms.Build.0 = Southside|Any CPU
		{3E1B598D-9E47-4967-93E6-4D6DDF4AB7EF}.Southside|x86.ActiveCfg = Southside|Any CPU
		{3E1B598D-9E47-4967-93E6-4D6DDF4AB7EF}.Test|Any CPU.ActiveCfg = Release|Any CPU
		{3E1B598D-9E47-4967-93E6-4D6DDF4AB7EF}.Test|Mixed Platforms.ActiveCfg = Release|Any CPU
		{3E1B598D-9E47-4967-93E6-4D6DDF4AB7EF}.Test|x86.ActiveCfg = Debug|Any CPU
		{3E1B598D-9E47-4967-93E6-4D6DDF4AB7EF}.WorkersJustice|Any CPU.ActiveCfg = Release|Any CPU
		{3E1B598D-9E47-4967-93E6-4D6DDF4AB7EF}.WorkersJustice|Mixed Platforms.ActiveCfg = WorkersJustice|Any CPU
		{3E1B598D-9E47-4967-93E6-4D6DDF4AB7EF}.WorkersJustice|Mixed Platforms.Build.0 = WorkersJustice|Any CPU
		{3E1B598D-9E47-4967-93E6-4D6DDF4AB7EF}.WorkersJustice|x86.ActiveCfg = WorkersJustice|Any CPU
		{A8DE6677-0E32-4229-8B83-9A3C17C87E85}.CasaLatina|Any CPU.ActiveCfg = Release|Any CPU
		{A8DE6677-0E32-4229-8B83-9A3C17C87E85}.CasaLatina|Mixed Platforms.ActiveCfg = Release|Any CPU
		{A8DE6677-0E32-4229-8B83-9A3C17C87E85}.CasaLatina|Mixed Platforms.Build.0 = Release|Any CPU
		{A8DE6677-0E32-4229-8B83-9A3C17C87E85}.CasaLatina|x86.ActiveCfg = Release|Any CPU
		{A8DE6677-0E32-4229-8B83-9A3C17C87E85}.CentroHumanitario|Any CPU.ActiveCfg = Release|Any CPU
		{A8DE6677-0E32-4229-8B83-9A3C17C87E85}.CentroHumanitario|Mixed Platforms.ActiveCfg = CentroHumanitario|Any CPU
		{A8DE6677-0E32-4229-8B83-9A3C17C87E85}.CentroHumanitario|Mixed Platforms.Build.0 = CentroHumanitario|Any CPU
		{A8DE6677-0E32-4229-8B83-9A3C17C87E85}.CentroHumanitario|x86.ActiveCfg = CentroHumanitario|Any CPU
		{A8DE6677-0E32-4229-8B83-9A3C17C87E85}.Concord|Any CPU.ActiveCfg = Release|Any CPU
		{A8DE6677-0E32-4229-8B83-9A3C17C87E85}.Concord|Mixed Platforms.ActiveCfg = Concord|Any CPU
		{A8DE6677-0E32-4229-8B83-9A3C17C87E85}.Concord|Mixed Platforms.Build.0 = Concord|Any CPU
		{A8DE6677-0E32-4229-8B83-9A3C17C87E85}.Concord|x86.ActiveCfg = Concord|Any CPU
		{A8DE6677-0E32-4229-8B83-9A3C17C87E85}.Congreso|Any CPU.ActiveCfg = Congreso|Any CPU
		{A8DE6677-0E32-4229-8B83-9A3C17C87E85}.Congreso|Mixed Platforms.ActiveCfg = Congreso|Any CPU
		{A8DE6677-0E32-4229-8B83-9A3C17C87E85}.Congreso|Mixed Platforms.Build.0 = Congreso|Any CPU
		{A8DE6677-0E32-4229-8B83-9A3C17C87E85}.Congreso|x86.ActiveCfg = Congreso|Any CPU
		{A8DE6677-0E32-4229-8B83-9A3C17C87E85}.Dev|Any CPU.ActiveCfg = Debug|Any CPU
		{A8DE6677-0E32-4229-8B83-9A3C17C87E85}.Dev|Any CPU.Build.0 = Debug|Any CPU
		{A8DE6677-0E32-4229-8B83-9A3C17C87E85}.Dev|Mixed Platforms.ActiveCfg = Debug|Any CPU
		{A8DE6677-0E32-4229-8B83-9A3C17C87E85}.Dev|x86.ActiveCfg = Debug|Any CPU
		{A8DE6677-0E32-4229-8B83-9A3C17C87E85}.DonBosco|Any CPU.ActiveCfg = Release|Any CPU
		{A8DE6677-0E32-4229-8B83-9A3C17C87E85}.DonBosco|Mixed Platforms.ActiveCfg = DonBosco|Any CPU
		{A8DE6677-0E32-4229-8B83-9A3C17C87E85}.DonBosco|Mixed Platforms.Build.0 = DonBosco|Any CPU
		{A8DE6677-0E32-4229-8B83-9A3C17C87E85}.DonBosco|x86.ActiveCfg = DonBosco|Any CPU
		{A8DE6677-0E32-4229-8B83-9A3C17C87E85}.ElCentro|Any CPU.ActiveCfg = Release|Any CPU
		{A8DE6677-0E32-4229-8B83-9A3C17C87E85}.ElCentro|Mixed Platforms.ActiveCfg = ElCentro|Any CPU
		{A8DE6677-0E32-4229-8B83-9A3C17C87E85}.ElCentro|Mixed Platforms.Build.0 = ElCentro|Any CPU
		{A8DE6677-0E32-4229-8B83-9A3C17C87E85}.ElCentro|x86.ActiveCfg = ElCentro|Any CPU
		{A8DE6677-0E32-4229-8B83-9A3C17C87E85}.Graton|Any CPU.ActiveCfg = Release|Any CPU
		{A8DE6677-0E32-4229-8B83-9A3C17C87E85}.Graton|Mixed Platforms.ActiveCfg = Graton|Any CPU
		{A8DE6677-0E32-4229-8B83-9A3C17C87E85}.Graton|Mixed Platforms.Build.0 = Graton|Any CPU
		{A8DE6677-0E32-4229-8B83-9A3C17C87E85}.Graton|x86.ActiveCfg = Graton|Any CPU
		{A8DE6677-0E32-4229-8B83-9A3C17C87E85}.MountainView|Any CPU.ActiveCfg = Release|Any CPU
		{A8DE6677-0E32-4229-8B83-9A3C17C87E85}.MountainView|Mixed Platforms.ActiveCfg = MountainView|Any CPU
		{A8DE6677-0E32-4229-8B83-9A3C17C87E85}.MountainView|Mixed Platforms.Build.0 = MountainView|Any CPU
		{A8DE6677-0E32-4229-8B83-9A3C17C87E85}.MountainView|x86.ActiveCfg = MountainView|Any CPU
		{A8DE6677-0E32-4229-8B83-9A3C17C87E85}.Nice|Any CPU.ActiveCfg = Release|Any CPU
		{A8DE6677-0E32-4229-8B83-9A3C17C87E85}.Nice|Mixed Platforms.ActiveCfg = Nice|Any CPU
		{A8DE6677-0E32-4229-8B83-9A3C17C87E85}.Nice|Mixed Platforms.Build.0 = Nice|Any CPU
		{A8DE6677-0E32-4229-8B83-9A3C17C87E85}.Nice|x86.ActiveCfg = Nice|Any CPU
		{A8DE6677-0E32-4229-8B83-9A3C17C87E85}.Pasadena|Any CPU.ActiveCfg = Release|Any CPU
		{A8DE6677-0E32-4229-8B83-9A3C17C87E85}.Pasadena|Mixed Platforms.ActiveCfg = Pasadena|Any CPU
		{A8DE6677-0E32-4229-8B83-9A3C17C87E85}.Pasadena|Mixed Platforms.Build.0 = Pasadena|Any CPU
		{A8DE6677-0E32-4229-8B83-9A3C17C87E85}.Pasadena|x86.ActiveCfg = Pasadena|Any CPU
		{A8DE6677-0E32-4229-8B83-9A3C17C87E85}.Pomona|Any CPU.ActiveCfg = Release|Any CPU
		{A8DE6677-0E32-4229-8B83-9A3C17C87E85}.Pomona|Mixed Platforms.ActiveCfg = Pomona|Any CPU
		{A8DE6677-0E32-4229-8B83-9A3C17C87E85}.Pomona|Mixed Platforms.Build.0 = Pomona|Any CPU
		{A8DE6677-0E32-4229-8B83-9A3C17C87E85}.Pomona|x86.ActiveCfg = Pomona|Any CPU
		{A8DE6677-0E32-4229-8B83-9A3C17C87E85}.PortlandVoz|Any CPU.ActiveCfg = Release|Any CPU
		{A8DE6677-0E32-4229-8B83-9A3C17C87E85}.PortlandVoz|Mixed Platforms.ActiveCfg = PortlandVoz|Any CPU
		{A8DE6677-0E32-4229-8B83-9A3C17C87E85}.PortlandVoz|Mixed Platforms.Build.0 = PortlandVoz|Any CPU
		{A8DE6677-0E32-4229-8B83-9A3C17C87E85}.PortlandVoz|x86.ActiveCfg = PortlandVoz|Any CPU
		{A8DE6677-0E32-4229-8B83-9A3C17C87E85}.Release|Any CPU.ActiveCfg = Release|Any CPU
		{A8DE6677-0E32-4229-8B83-9A3C17C87E85}.Release|Mixed Platforms.ActiveCfg = Release|Any CPU
		{A8DE6677-0E32-4229-8B83-9A3C17C87E85}.Release|Mixed Platforms.Build.0 = Release|Any CPU
		{A8DE6677-0E32-4229-8B83-9A3C17C87E85}.Release|x86.ActiveCfg = Release|Any CPU
		{A8DE6677-0E32-4229-8B83-9A3C17C87E85}.SanFrancisco|Any CPU.ActiveCfg = Release|Any CPU
		{A8DE6677-0E32-4229-8B83-9A3C17C87E85}.SanFrancisco|Mixed Platforms.ActiveCfg = SanFrancisco|Any CPU
		{A8DE6677-0E32-4229-8B83-9A3C17C87E85}.SanFrancisco|Mixed Platforms.Build.0 = SanFrancisco|Any CPU
		{A8DE6677-0E32-4229-8B83-9A3C17C87E85}.SanFrancisco|x86.ActiveCfg = SanFrancisco|Any CPU
		{A8DE6677-0E32-4229-8B83-9A3C17C87E85}.SantaCruz|Any CPU.ActiveCfg = Release|Any CPU
		{A8DE6677-0E32-4229-8B83-9A3C17C87E85}.SantaCruz|Mixed Platforms.ActiveCfg = SantaCruz|Any CPU
		{A8DE6677-0E32-4229-8B83-9A3C17C87E85}.SantaCruz|Mixed Platforms.Build.0 = SantaCruz|Any CPU
		{A8DE6677-0E32-4229-8B83-9A3C17C87E85}.SantaCruz|x86.ActiveCfg = SantaCruz|Any CPU
		{A8DE6677-0E32-4229-8B83-9A3C17C87E85}.Southside|Any CPU.ActiveCfg = Release|Any CPU
		{A8DE6677-0E32-4229-8B83-9A3C17C87E85}.Southside|Mixed Platforms.ActiveCfg = Southside|Any CPU
		{A8DE6677-0E32-4229-8B83-9A3C17C87E85}.Southside|Mixed Platforms.Build.0 = Southside|Any CPU
		{A8DE6677-0E32-4229-8B83-9A3C17C87E85}.Southside|x86.ActiveCfg = Southside|Any CPU
		{A8DE6677-0E32-4229-8B83-9A3C17C87E85}.Test|Any CPU.ActiveCfg = Release|Any CPU
		{A8DE6677-0E32-4229-8B83-9A3C17C87E85}.Test|Mixed Platforms.ActiveCfg = Release|Any CPU
		{A8DE6677-0E32-4229-8B83-9A3C17C87E85}.Test|x86.ActiveCfg = Debug|Any CPU
		{A8DE6677-0E32-4229-8B83-9A3C17C87E85}.WorkersJustice|Any CPU.ActiveCfg = Release|Any CPU
		{A8DE6677-0E32-4229-8B83-9A3C17C87E85}.WorkersJustice|Mixed Platforms.ActiveCfg = WorkersJustice|Any CPU
		{A8DE6677-0E32-4229-8B83-9A3C17C87E85}.WorkersJustice|Mixed Platforms.Build.0 = WorkersJustice|Any CPU
		{A8DE6677-0E32-4229-8B83-9A3C17C87E85}.WorkersJustice|x86.ActiveCfg = WorkersJustice|Any CPU
		{61A494C4-6B88-4E63-BD3B-4503EE203EF6}.CasaLatina|Any CPU.ActiveCfg = Release|Any CPU
		{61A494C4-6B88-4E63-BD3B-4503EE203EF6}.CasaLatina|Mixed Platforms.ActiveCfg = Release|Any CPU
		{61A494C4-6B88-4E63-BD3B-4503EE203EF6}.CasaLatina|Mixed Platforms.Build.0 = Release|Any CPU
		{61A494C4-6B88-4E63-BD3B-4503EE203EF6}.CasaLatina|x86.ActiveCfg = Release|Any CPU
		{61A494C4-6B88-4E63-BD3B-4503EE203EF6}.CentroHumanitario|Any CPU.ActiveCfg = Release|Any CPU
		{61A494C4-6B88-4E63-BD3B-4503EE203EF6}.CentroHumanitario|Mixed Platforms.ActiveCfg = CentroHumanitario|Any CPU
		{61A494C4-6B88-4E63-BD3B-4503EE203EF6}.CentroHumanitario|Mixed Platforms.Build.0 = CentroHumanitario|Any CPU
		{61A494C4-6B88-4E63-BD3B-4503EE203EF6}.CentroHumanitario|x86.ActiveCfg = CentroHumanitario|Any CPU
		{61A494C4-6B88-4E63-BD3B-4503EE203EF6}.Concord|Any CPU.ActiveCfg = Release|Any CPU
		{61A494C4-6B88-4E63-BD3B-4503EE203EF6}.Concord|Mixed Platforms.ActiveCfg = Concord|Any CPU
		{61A494C4-6B88-4E63-BD3B-4503EE203EF6}.Concord|Mixed Platforms.Build.0 = Concord|Any CPU
		{61A494C4-6B88-4E63-BD3B-4503EE203EF6}.Concord|x86.ActiveCfg = Concord|Any CPU
		{61A494C4-6B88-4E63-BD3B-4503EE203EF6}.Congreso|Any CPU.ActiveCfg = Congreso|Any CPU
		{61A494C4-6B88-4E63-BD3B-4503EE203EF6}.Congreso|Mixed Platforms.ActiveCfg = Congreso|Any CPU
		{61A494C4-6B88-4E63-BD3B-4503EE203EF6}.Congreso|Mixed Platforms.Build.0 = Congreso|Any CPU
		{61A494C4-6B88-4E63-BD3B-4503EE203EF6}.Congreso|x86.ActiveCfg = Congreso|Any CPU
		{61A494C4-6B88-4E63-BD3B-4503EE203EF6}.Dev|Any CPU.ActiveCfg = Debug|Any CPU
		{61A494C4-6B88-4E63-BD3B-4503EE203EF6}.Dev|Any CPU.Build.0 = Debug|Any CPU
		{61A494C4-6B88-4E63-BD3B-4503EE203EF6}.Dev|Mixed Platforms.ActiveCfg = Debug|Any CPU
		{61A494C4-6B88-4E63-BD3B-4503EE203EF6}.Dev|x86.ActiveCfg = Debug|Any CPU
		{61A494C4-6B88-4E63-BD3B-4503EE203EF6}.DonBosco|Any CPU.ActiveCfg = Release|Any CPU
		{61A494C4-6B88-4E63-BD3B-4503EE203EF6}.DonBosco|Mixed Platforms.ActiveCfg = DonBosco|Any CPU
		{61A494C4-6B88-4E63-BD3B-4503EE203EF6}.DonBosco|Mixed Platforms.Build.0 = DonBosco|Any CPU
		{61A494C4-6B88-4E63-BD3B-4503EE203EF6}.DonBosco|x86.ActiveCfg = DonBosco|Any CPU
		{61A494C4-6B88-4E63-BD3B-4503EE203EF6}.ElCentro|Any CPU.ActiveCfg = Release|Any CPU
		{61A494C4-6B88-4E63-BD3B-4503EE203EF6}.ElCentro|Mixed Platforms.ActiveCfg = ElCentro|Any CPU
		{61A494C4-6B88-4E63-BD3B-4503EE203EF6}.ElCentro|Mixed Platforms.Build.0 = ElCentro|Any CPU
		{61A494C4-6B88-4E63-BD3B-4503EE203EF6}.ElCentro|x86.ActiveCfg = ElCentro|Any CPU
		{61A494C4-6B88-4E63-BD3B-4503EE203EF6}.Graton|Any CPU.ActiveCfg = Release|Any CPU
		{61A494C4-6B88-4E63-BD3B-4503EE203EF6}.Graton|Mixed Platforms.ActiveCfg = Graton|Any CPU
		{61A494C4-6B88-4E63-BD3B-4503EE203EF6}.Graton|Mixed Platforms.Build.0 = Graton|Any CPU
		{61A494C4-6B88-4E63-BD3B-4503EE203EF6}.Graton|x86.ActiveCfg = Graton|Any CPU
		{61A494C4-6B88-4E63-BD3B-4503EE203EF6}.MountainView|Any CPU.ActiveCfg = Release|Any CPU
		{61A494C4-6B88-4E63-BD3B-4503EE203EF6}.MountainView|Mixed Platforms.ActiveCfg = MountainView|Any CPU
		{61A494C4-6B88-4E63-BD3B-4503EE203EF6}.MountainView|Mixed Platforms.Build.0 = MountainView|Any CPU
		{61A494C4-6B88-4E63-BD3B-4503EE203EF6}.MountainView|x86.ActiveCfg = MountainView|Any CPU
		{61A494C4-6B88-4E63-BD3B-4503EE203EF6}.Nice|Any CPU.ActiveCfg = Release|Any CPU
		{61A494C4-6B88-4E63-BD3B-4503EE203EF6}.Nice|Mixed Platforms.ActiveCfg = Nice|Any CPU
		{61A494C4-6B88-4E63-BD3B-4503EE203EF6}.Nice|Mixed Platforms.Build.0 = Nice|Any CPU
		{61A494C4-6B88-4E63-BD3B-4503EE203EF6}.Nice|x86.ActiveCfg = Nice|Any CPU
		{61A494C4-6B88-4E63-BD3B-4503EE203EF6}.Pasadena|Any CPU.ActiveCfg = Release|Any CPU
		{61A494C4-6B88-4E63-BD3B-4503EE203EF6}.Pasadena|Mixed Platforms.ActiveCfg = Pasadena|Any CPU
		{61A494C4-6B88-4E63-BD3B-4503EE203EF6}.Pasadena|Mixed Platforms.Build.0 = Pasadena|Any CPU
		{61A494C4-6B88-4E63-BD3B-4503EE203EF6}.Pasadena|x86.ActiveCfg = Pasadena|Any CPU
		{61A494C4-6B88-4E63-BD3B-4503EE203EF6}.Pomona|Any CPU.ActiveCfg = Release|Any CPU
		{61A494C4-6B88-4E63-BD3B-4503EE203EF6}.Pomona|Mixed Platforms.ActiveCfg = Pomona|Any CPU
		{61A494C4-6B88-4E63-BD3B-4503EE203EF6}.Pomona|Mixed Platforms.Build.0 = Pomona|Any CPU
		{61A494C4-6B88-4E63-BD3B-4503EE203EF6}.Pomona|x86.ActiveCfg = Pomona|Any CPU
		{61A494C4-6B88-4E63-BD3B-4503EE203EF6}.PortlandVoz|Any CPU.ActiveCfg = Release|Any CPU
		{61A494C4-6B88-4E63-BD3B-4503EE203EF6}.PortlandVoz|Mixed Platforms.ActiveCfg = PortlandVoz|Any CPU
		{61A494C4-6B88-4E63-BD3B-4503EE203EF6}.PortlandVoz|Mixed Platforms.Build.0 = PortlandVoz|Any CPU
		{61A494C4-6B88-4E63-BD3B-4503EE203EF6}.PortlandVoz|x86.ActiveCfg = PortlandVoz|Any CPU
		{61A494C4-6B88-4E63-BD3B-4503EE203EF6}.Release|Any CPU.ActiveCfg = Release|Any CPU
		{61A494C4-6B88-4E63-BD3B-4503EE203EF6}.Release|Mixed Platforms.ActiveCfg = Release|Any CPU
		{61A494C4-6B88-4E63-BD3B-4503EE203EF6}.Release|Mixed Platforms.Build.0 = Release|Any CPU
		{61A494C4-6B88-4E63-BD3B-4503EE203EF6}.Release|x86.ActiveCfg = Release|Any CPU
		{61A494C4-6B88-4E63-BD3B-4503EE203EF6}.SanFrancisco|Any CPU.ActiveCfg = Release|Any CPU
		{61A494C4-6B88-4E63-BD3B-4503EE203EF6}.SanFrancisco|Mixed Platforms.ActiveCfg = SanFrancisco|Any CPU
		{61A494C4-6B88-4E63-BD3B-4503EE203EF6}.SanFrancisco|Mixed Platforms.Build.0 = SanFrancisco|Any CPU
		{61A494C4-6B88-4E63-BD3B-4503EE203EF6}.SanFrancisco|x86.ActiveCfg = SanFrancisco|Any CPU
		{61A494C4-6B88-4E63-BD3B-4503EE203EF6}.SantaCruz|Any CPU.ActiveCfg = Release|Any CPU
		{61A494C4-6B88-4E63-BD3B-4503EE203EF6}.SantaCruz|Mixed Platforms.ActiveCfg = SantaCruz|Any CPU
		{61A494C4-6B88-4E63-BD3B-4503EE203EF6}.SantaCruz|Mixed Platforms.Build.0 = SantaCruz|Any CPU
		{61A494C4-6B88-4E63-BD3B-4503EE203EF6}.SantaCruz|x86.ActiveCfg = SantaCruz|Any CPU
		{61A494C4-6B88-4E63-BD3B-4503EE203EF6}.Southside|Any CPU.ActiveCfg = Release|Any CPU
		{61A494C4-6B88-4E63-BD3B-4503EE203EF6}.Southside|Mixed Platforms.ActiveCfg = Southside|Any CPU
		{61A494C4-6B88-4E63-BD3B-4503EE203EF6}.Southside|Mixed Platforms.Build.0 = Southside|Any CPU
		{61A494C4-6B88-4E63-BD3B-4503EE203EF6}.Southside|x86.ActiveCfg = Southside|Any CPU
		{61A494C4-6B88-4E63-BD3B-4503EE203EF6}.Test|Any CPU.ActiveCfg = Release|Any CPU
		{61A494C4-6B88-4E63-BD3B-4503EE203EF6}.Test|Mixed Platforms.ActiveCfg = Release|Any CPU
		{61A494C4-6B88-4E63-BD3B-4503EE203EF6}.Test|x86.ActiveCfg = Debug|Any CPU
		{61A494C4-6B88-4E63-BD3B-4503EE203EF6}.WorkersJustice|Any CPU.ActiveCfg = Release|Any CPU
		{61A494C4-6B88-4E63-BD3B-4503EE203EF6}.WorkersJustice|Mixed Platforms.ActiveCfg = WorkersJustice|Any CPU
		{61A494C4-6B88-4E63-BD3B-4503EE203EF6}.WorkersJustice|Mixed Platforms.Build.0 = WorkersJustice|Any CPU
		{61A494C4-6B88-4E63-BD3B-4503EE203EF6}.WorkersJustice|x86.ActiveCfg = WorkersJustice|Any CPU
		{D2C4C806-4D23-4E62-B96D-23BDAB953C73}.CasaLatina|Any CPU.ActiveCfg = CasaLatina|Any CPU
		{D2C4C806-4D23-4E62-B96D-23BDAB953C73}.CasaLatina|Any CPU.Build.0 = CasaLatina|Any CPU
		{D2C4C806-4D23-4E62-B96D-23BDAB953C73}.CasaLatina|Mixed Platforms.ActiveCfg = CasaLatina|Any CPU
		{D2C4C806-4D23-4E62-B96D-23BDAB953C73}.CasaLatina|Mixed Platforms.Build.0 = CasaLatina|Any CPU
		{D2C4C806-4D23-4E62-B96D-23BDAB953C73}.CasaLatina|x86.ActiveCfg = Release|Any CPU
		{D2C4C806-4D23-4E62-B96D-23BDAB953C73}.CentroHumanitario|Any CPU.ActiveCfg = CentroHumanitario|Any CPU
		{D2C4C806-4D23-4E62-B96D-23BDAB953C73}.CentroHumanitario|Any CPU.Build.0 = CentroHumanitario|Any CPU
		{D2C4C806-4D23-4E62-B96D-23BDAB953C73}.CentroHumanitario|Mixed Platforms.ActiveCfg = CentroHumanitario|Any CPU
		{D2C4C806-4D23-4E62-B96D-23BDAB953C73}.CentroHumanitario|Mixed Platforms.Build.0 = CentroHumanitario|Any CPU
		{D2C4C806-4D23-4E62-B96D-23BDAB953C73}.CentroHumanitario|x86.ActiveCfg = CentroHumanitario|Any CPU
		{D2C4C806-4D23-4E62-B96D-23BDAB953C73}.Concord|Any CPU.ActiveCfg = Concord|Any CPU
		{D2C4C806-4D23-4E62-B96D-23BDAB953C73}.Concord|Any CPU.Build.0 = Concord|Any CPU
		{D2C4C806-4D23-4E62-B96D-23BDAB953C73}.Concord|Mixed Platforms.ActiveCfg = Concord|Any CPU
		{D2C4C806-4D23-4E62-B96D-23BDAB953C73}.Concord|Mixed Platforms.Build.0 = Concord|Any CPU
		{D2C4C806-4D23-4E62-B96D-23BDAB953C73}.Concord|x86.ActiveCfg = Concord|Any CPU
		{D2C4C806-4D23-4E62-B96D-23BDAB953C73}.Congreso|Any CPU.ActiveCfg = Congreso|Any CPU
		{D2C4C806-4D23-4E62-B96D-23BDAB953C73}.Congreso|Any CPU.Build.0 = Congreso|Any CPU
		{D2C4C806-4D23-4E62-B96D-23BDAB953C73}.Congreso|Mixed Platforms.ActiveCfg = Congreso|Any CPU
		{D2C4C806-4D23-4E62-B96D-23BDAB953C73}.Congreso|Mixed Platforms.Build.0 = Congreso|Any CPU
		{D2C4C806-4D23-4E62-B96D-23BDAB953C73}.Congreso|x86.ActiveCfg = Congreso|Any CPU
		{D2C4C806-4D23-4E62-B96D-23BDAB953C73}.Dev|Any CPU.ActiveCfg = Debug|Any CPU
		{D2C4C806-4D23-4E62-B96D-23BDAB953C73}.Dev|Any CPU.Build.0 = Debug|Any CPU
		{D2C4C806-4D23-4E62-B96D-23BDAB953C73}.Dev|Mixed Platforms.ActiveCfg = Debug|Any CPU
		{D2C4C806-4D23-4E62-B96D-23BDAB953C73}.Dev|Mixed Platforms.Build.0 = Debug|Any CPU
		{D2C4C806-4D23-4E62-B96D-23BDAB953C73}.Dev|x86.ActiveCfg = Debug|Any CPU
		{D2C4C806-4D23-4E62-B96D-23BDAB953C73}.DonBosco|Any CPU.ActiveCfg = DonBosco|Any CPU
		{D2C4C806-4D23-4E62-B96D-23BDAB953C73}.DonBosco|Any CPU.Build.0 = DonBosco|Any CPU
		{D2C4C806-4D23-4E62-B96D-23BDAB953C73}.DonBosco|Mixed Platforms.ActiveCfg = DonBosco|Any CPU
		{D2C4C806-4D23-4E62-B96D-23BDAB953C73}.DonBosco|Mixed Platforms.Build.0 = DonBosco|Any CPU
		{D2C4C806-4D23-4E62-B96D-23BDAB953C73}.DonBosco|x86.ActiveCfg = DonBosco|Any CPU
		{D2C4C806-4D23-4E62-B96D-23BDAB953C73}.ElCentro|Any CPU.ActiveCfg = ElCentro|Any CPU
		{D2C4C806-4D23-4E62-B96D-23BDAB953C73}.ElCentro|Any CPU.Build.0 = ElCentro|Any CPU
		{D2C4C806-4D23-4E62-B96D-23BDAB953C73}.ElCentro|Mixed Platforms.ActiveCfg = ElCentro|Any CPU
		{D2C4C806-4D23-4E62-B96D-23BDAB953C73}.ElCentro|Mixed Platforms.Build.0 = ElCentro|Any CPU
		{D2C4C806-4D23-4E62-B96D-23BDAB953C73}.ElCentro|x86.ActiveCfg = ElCentro|Any CPU
		{D2C4C806-4D23-4E62-B96D-23BDAB953C73}.Graton|Any CPU.ActiveCfg = Graton|Any CPU
		{D2C4C806-4D23-4E62-B96D-23BDAB953C73}.Graton|Any CPU.Build.0 = Graton|Any CPU
		{D2C4C806-4D23-4E62-B96D-23BDAB953C73}.Graton|Mixed Platforms.ActiveCfg = Graton|Any CPU
		{D2C4C806-4D23-4E62-B96D-23BDAB953C73}.Graton|Mixed Platforms.Build.0 = Graton|Any CPU
		{D2C4C806-4D23-4E62-B96D-23BDAB953C73}.Graton|x86.ActiveCfg = Graton|Any CPU
		{D2C4C806-4D23-4E62-B96D-23BDAB953C73}.MountainView|Any CPU.ActiveCfg = MountainView|Any CPU
		{D2C4C806-4D23-4E62-B96D-23BDAB953C73}.MountainView|Any CPU.Build.0 = MountainView|Any CPU
		{D2C4C806-4D23-4E62-B96D-23BDAB953C73}.MountainView|Mixed Platforms.ActiveCfg = MountainView|Any CPU
		{D2C4C806-4D23-4E62-B96D-23BDAB953C73}.MountainView|Mixed Platforms.Build.0 = MountainView|Any CPU
		{D2C4C806-4D23-4E62-B96D-23BDAB953C73}.MountainView|x86.ActiveCfg = MountainView|Any CPU
		{D2C4C806-4D23-4E62-B96D-23BDAB953C73}.Nice|Any CPU.ActiveCfg = Nice|Any CPU
		{D2C4C806-4D23-4E62-B96D-23BDAB953C73}.Nice|Any CPU.Build.0 = Nice|Any CPU
		{D2C4C806-4D23-4E62-B96D-23BDAB953C73}.Nice|Mixed Platforms.ActiveCfg = Nice|Any CPU
		{D2C4C806-4D23-4E62-B96D-23BDAB953C73}.Nice|Mixed Platforms.Build.0 = Nice|Any CPU
		{D2C4C806-4D23-4E62-B96D-23BDAB953C73}.Nice|x86.ActiveCfg = Nice|Any CPU
		{D2C4C806-4D23-4E62-B96D-23BDAB953C73}.Pasadena|Any CPU.ActiveCfg = Pasadena|Any CPU
		{D2C4C806-4D23-4E62-B96D-23BDAB953C73}.Pasadena|Any CPU.Build.0 = Pasadena|Any CPU
		{D2C4C806-4D23-4E62-B96D-23BDAB953C73}.Pasadena|Mixed Platforms.ActiveCfg = Pasadena|Any CPU
		{D2C4C806-4D23-4E62-B96D-23BDAB953C73}.Pasadena|Mixed Platforms.Build.0 = Pasadena|Any CPU
		{D2C4C806-4D23-4E62-B96D-23BDAB953C73}.Pasadena|x86.ActiveCfg = Pasadena|Any CPU
		{D2C4C806-4D23-4E62-B96D-23BDAB953C73}.Pomona|Any CPU.ActiveCfg = Pomona|Any CPU
		{D2C4C806-4D23-4E62-B96D-23BDAB953C73}.Pomona|Any CPU.Build.0 = Pomona|Any CPU
		{D2C4C806-4D23-4E62-B96D-23BDAB953C73}.Pomona|Mixed Platforms.ActiveCfg = Pomona|Any CPU
		{D2C4C806-4D23-4E62-B96D-23BDAB953C73}.Pomona|Mixed Platforms.Build.0 = Pomona|Any CPU
		{D2C4C806-4D23-4E62-B96D-23BDAB953C73}.Pomona|x86.ActiveCfg = Pomona|Any CPU
		{D2C4C806-4D23-4E62-B96D-23BDAB953C73}.PortlandVoz|Any CPU.ActiveCfg = PortlandVoz|Any CPU
		{D2C4C806-4D23-4E62-B96D-23BDAB953C73}.PortlandVoz|Any CPU.Build.0 = PortlandVoz|Any CPU
		{D2C4C806-4D23-4E62-B96D-23BDAB953C73}.PortlandVoz|Mixed Platforms.ActiveCfg = PortlandVoz|Any CPU
		{D2C4C806-4D23-4E62-B96D-23BDAB953C73}.PortlandVoz|Mixed Platforms.Build.0 = PortlandVoz|Any CPU
		{D2C4C806-4D23-4E62-B96D-23BDAB953C73}.PortlandVoz|x86.ActiveCfg = PortlandVoz|Any CPU
		{D2C4C806-4D23-4E62-B96D-23BDAB953C73}.Release|Any CPU.ActiveCfg = Release|Any CPU
		{D2C4C806-4D23-4E62-B96D-23BDAB953C73}.Release|Any CPU.Build.0 = Release|Any CPU
		{D2C4C806-4D23-4E62-B96D-23BDAB953C73}.Release|Mixed Platforms.ActiveCfg = Release|Any CPU
		{D2C4C806-4D23-4E62-B96D-23BDAB953C73}.Release|Mixed Platforms.Build.0 = Release|Any CPU
		{D2C4C806-4D23-4E62-B96D-23BDAB953C73}.Release|x86.ActiveCfg = Release|Any CPU
		{D2C4C806-4D23-4E62-B96D-23BDAB953C73}.SanFrancisco|Any CPU.ActiveCfg = SanFrancisco|Any CPU
		{D2C4C806-4D23-4E62-B96D-23BDAB953C73}.SanFrancisco|Any CPU.Build.0 = SanFrancisco|Any CPU
		{D2C4C806-4D23-4E62-B96D-23BDAB953C73}.SanFrancisco|Mixed Platforms.ActiveCfg = SanFrancisco|Any CPU
		{D2C4C806-4D23-4E62-B96D-23BDAB953C73}.SanFrancisco|Mixed Platforms.Build.0 = SanFrancisco|Any CPU
		{D2C4C806-4D23-4E62-B96D-23BDAB953C73}.SanFrancisco|x86.ActiveCfg = SanFrancisco|Any CPU
		{D2C4C806-4D23-4E62-B96D-23BDAB953C73}.SantaCruz|Any CPU.ActiveCfg = SantaCruz|Any CPU
		{D2C4C806-4D23-4E62-B96D-23BDAB953C73}.SantaCruz|Any CPU.Build.0 = SantaCruz|Any CPU
		{D2C4C806-4D23-4E62-B96D-23BDAB953C73}.SantaCruz|Mixed Platforms.ActiveCfg = SantaCruz|Any CPU
		{D2C4C806-4D23-4E62-B96D-23BDAB953C73}.SantaCruz|Mixed Platforms.Build.0 = SantaCruz|Any CPU
		{D2C4C806-4D23-4E62-B96D-23BDAB953C73}.SantaCruz|x86.ActiveCfg = SantaCruz|Any CPU
		{D2C4C806-4D23-4E62-B96D-23BDAB953C73}.Southside|Any CPU.ActiveCfg = Southside|Any CPU
		{D2C4C806-4D23-4E62-B96D-23BDAB953C73}.Southside|Any CPU.Build.0 = Southside|Any CPU
		{D2C4C806-4D23-4E62-B96D-23BDAB953C73}.Southside|Mixed Platforms.ActiveCfg = Southside|Any CPU
		{D2C4C806-4D23-4E62-B96D-23BDAB953C73}.Southside|Mixed Platforms.Build.0 = Southside|Any CPU
		{D2C4C806-4D23-4E62-B96D-23BDAB953C73}.Southside|x86.ActiveCfg = Southside|Any CPU
		{D2C4C806-4D23-4E62-B96D-23BDAB953C73}.Test|Any CPU.ActiveCfg = Test|Any CPU
		{D2C4C806-4D23-4E62-B96D-23BDAB953C73}.Test|Any CPU.Build.0 = Test|Any CPU
		{D2C4C806-4D23-4E62-B96D-23BDAB953C73}.Test|Mixed Platforms.ActiveCfg = Test|Any CPU
		{D2C4C806-4D23-4E62-B96D-23BDAB953C73}.Test|Mixed Platforms.Build.0 = Test|Any CPU
		{D2C4C806-4D23-4E62-B96D-23BDAB953C73}.Test|x86.ActiveCfg = Test|Any CPU
		{D2C4C806-4D23-4E62-B96D-23BDAB953C73}.WorkersJustice|Any CPU.ActiveCfg = WorkersJustice|Any CPU
		{D2C4C806-4D23-4E62-B96D-23BDAB953C73}.WorkersJustice|Any CPU.Build.0 = WorkersJustice|Any CPU
		{D2C4C806-4D23-4E62-B96D-23BDAB953C73}.WorkersJustice|Mixed Platforms.ActiveCfg = WorkersJustice|Any CPU
		{D2C4C806-4D23-4E62-B96D-23BDAB953C73}.WorkersJustice|Mixed Platforms.Build.0 = WorkersJustice|Any CPU
		{D2C4C806-4D23-4E62-B96D-23BDAB953C73}.WorkersJustice|x86.ActiveCfg = WorkersJustice|Any CPU
	EndGlobalSection
	GlobalSection(SolutionProperties) = preSolution
		HideSolutionNode = FALSE
	EndGlobalSection
	GlobalSection(NestedProjects) = preSolution
		{A89D8B77-274B-4032-8A72-0DFC7879BD44} = {68B7A7B2-644C-4DA4-A0CF-FF009654F4FB}
		{3E1B598D-9E47-4967-93E6-4D6DDF4AB7EF} = {68B7A7B2-644C-4DA4-A0CF-FF009654F4FB}
		{A8DE6677-0E32-4229-8B83-9A3C17C87E85} = {68B7A7B2-644C-4DA4-A0CF-FF009654F4FB}
		{61A494C4-6B88-4E63-BD3B-4503EE203EF6} = {68B7A7B2-644C-4DA4-A0CF-FF009654F4FB}
	EndGlobalSection
	GlobalSection(ExtensibilityGlobals) = postSolution
		EnterpriseLibraryConfigurationToolBinariesPath = packages\Unity.2.1.505.0\lib\NET35;packages\Unity.Interception.2.1.505.0\lib\NET35;;packages\EnterpriseLibrary.Common.5.0.505.0\lib\NET35;packages\EnterpriseLibrary.Caching.5.0.505.0\lib\NET35;packages\Unity.2.1.505.2\lib\NET35
	EndGlobalSection
	GlobalSection(TestCaseManagementSettings) = postSolution
		CategoryFile = Machete2.vsmdi
	EndGlobalSection
EndGlobal
