
Microsoft Visual Studio Solution File, Format Version 12.00
# Visual Studio 15
VisualStudioVersion = 15.0.27703.2047
MinimumVisualStudioVersion = 10.0.40219.1
Project("{FAE04EC0-301F-11D3-BF4B-00C04F79EFBC}") = "Machete.Web", "Machete.Web\Machete.Web.csproj", "{52C77F59-3169-4559-8426-AA75F61944F0}"
EndProject
Project("{FAE04EC0-301F-11D3-BF4B-00C04F79EFBC}") = "Machete.Data", "Machete.Data\Machete.Data.csproj", "{70B4A313-80D2-48A5-8BB6-943E5E0993F6}"
EndProject
Project("{FAE04EC0-301F-11D3-BF4B-00C04F79EFBC}") = "Machete.Domain", "Machete.Domain\Machete.Domain.csproj", "{2F0E5EE7-C345-4D92-B941-348DB8C955BF}"
EndProject
Global
	GlobalSection(SolutionConfigurationPlatforms) = preSolution
		Alabama|Any CPU = Alabama|Any CPU
		CasaLatina|Any CPU = CasaLatina|Any CPU
		Cel|Any CPU = Cel|Any CPU
		CentroHumanitario|Any CPU = CentroHumanitario|Any CPU
		Concord|Any CPU = Concord|Any CPU
		Congreso|Any CPU = Congreso|Any CPU
		Debug|Any CPU = Debug|Any CPU
		Debug-no_nodejs_build|Any CPU = Debug-no_nodejs_build|Any CPU
		DonBosco|Any CPU = DonBosco|Any CPU
		ElCentro|Any CPU = ElCentro|Any CPU
		Graton|Any CPU = Graton|Any CPU
		Hayward|Any CPU = Hayward|Any CPU
		localIIS|Any CPU = localIIS|Any CPU
		MountainView|Any CPU = MountainView|Any CPU
		Nice|Any CPU = Nice|Any CPU
		Pasadena|Any CPU = Pasadena|Any CPU
		Pomona|Any CPU = Pomona|Any CPU
		PortlandVoz|Any CPU = PortlandVoz|Any CPU
		Release|Any CPU = Release|Any CPU
		SanFrancisco|Any CPU = SanFrancisco|Any CPU
		SantaCruz|Any CPU = SantaCruz|Any CPU
		Southside|Any CPU = Southside|Any CPU
		StageProd|Any CPU = StageProd|Any CPU
		StageTest|Any CPU = StageTest|Any CPU
		UAT-test|Any CPU = UAT-test|Any CPU
		WindofSpirit|Any CPU = WindofSpirit|Any CPU
		WorkersJustice|Any CPU = WorkersJustice|Any CPU
	EndGlobalSection
	GlobalSection(ProjectConfigurationPlatforms) = postSolution
		{52C77F59-3169-4559-8426-AA75F61944F0}.Alabama|Any CPU.ActiveCfg = Debug|Any CPU
		{52C77F59-3169-4559-8426-AA75F61944F0}.Alabama|Any CPU.Build.0 = Debug|Any CPU
		{52C77F59-3169-4559-8426-AA75F61944F0}.CasaLatina|Any CPU.ActiveCfg = Debug|Any CPU
		{52C77F59-3169-4559-8426-AA75F61944F0}.CasaLatina|Any CPU.Build.0 = Debug|Any CPU
		{52C77F59-3169-4559-8426-AA75F61944F0}.Cel|Any CPU.ActiveCfg = Debug|Any CPU
		{52C77F59-3169-4559-8426-AA75F61944F0}.Cel|Any CPU.Build.0 = Debug|Any CPU
		{52C77F59-3169-4559-8426-AA75F61944F0}.CentroHumanitario|Any CPU.ActiveCfg = Debug|Any CPU
		{52C77F59-3169-4559-8426-AA75F61944F0}.CentroHumanitario|Any CPU.Build.0 = Debug|Any CPU
		{52C77F59-3169-4559-8426-AA75F61944F0}.Concord|Any CPU.ActiveCfg = Debug|Any CPU
		{52C77F59-3169-4559-8426-AA75F61944F0}.Concord|Any CPU.Build.0 = Debug|Any CPU
		{52C77F59-3169-4559-8426-AA75F61944F0}.Congreso|Any CPU.ActiveCfg = Debug|Any CPU
		{52C77F59-3169-4559-8426-AA75F61944F0}.Congreso|Any CPU.Build.0 = Debug|Any CPU
		{52C77F59-3169-4559-8426-AA75F61944F0}.Debug|Any CPU.ActiveCfg = Debug|Any CPU
		{52C77F59-3169-4559-8426-AA75F61944F0}.Debug|Any CPU.Build.0 = Debug|Any CPU
		{52C77F59-3169-4559-8426-AA75F61944F0}.Debug-no_nodejs_build|Any CPU.ActiveCfg = Debug|Any CPU
		{52C77F59-3169-4559-8426-AA75F61944F0}.Debug-no_nodejs_build|Any CPU.Build.0 = Debug|Any CPU
		{52C77F59-3169-4559-8426-AA75F61944F0}.DonBosco|Any CPU.ActiveCfg = Debug|Any CPU
		{52C77F59-3169-4559-8426-AA75F61944F0}.DonBosco|Any CPU.Build.0 = Debug|Any CPU
		{52C77F59-3169-4559-8426-AA75F61944F0}.ElCentro|Any CPU.ActiveCfg = Debug|Any CPU
		{52C77F59-3169-4559-8426-AA75F61944F0}.ElCentro|Any CPU.Build.0 = Debug|Any CPU
		{52C77F59-3169-4559-8426-AA75F61944F0}.Graton|Any CPU.ActiveCfg = Debug|Any CPU
		{52C77F59-3169-4559-8426-AA75F61944F0}.Graton|Any CPU.Build.0 = Debug|Any CPU
		{52C77F59-3169-4559-8426-AA75F61944F0}.Hayward|Any CPU.ActiveCfg = Debug|Any CPU
		{52C77F59-3169-4559-8426-AA75F61944F0}.Hayward|Any CPU.Build.0 = Debug|Any CPU
		{52C77F59-3169-4559-8426-AA75F61944F0}.localIIS|Any CPU.ActiveCfg = Debug|Any CPU
		{52C77F59-3169-4559-8426-AA75F61944F0}.localIIS|Any CPU.Build.0 = Debug|Any CPU
		{52C77F59-3169-4559-8426-AA75F61944F0}.MountainView|Any CPU.ActiveCfg = Debug|Any CPU
		{52C77F59-3169-4559-8426-AA75F61944F0}.MountainView|Any CPU.Build.0 = Debug|Any CPU
		{52C77F59-3169-4559-8426-AA75F61944F0}.Nice|Any CPU.ActiveCfg = Debug|Any CPU
		{52C77F59-3169-4559-8426-AA75F61944F0}.Nice|Any CPU.Build.0 = Debug|Any CPU
		{52C77F59-3169-4559-8426-AA75F61944F0}.Pasadena|Any CPU.ActiveCfg = Debug|Any CPU
		{52C77F59-3169-4559-8426-AA75F61944F0}.Pasadena|Any CPU.Build.0 = Debug|Any CPU
		{52C77F59-3169-4559-8426-AA75F61944F0}.Pomona|Any CPU.ActiveCfg = Debug|Any CPU
		{52C77F59-3169-4559-8426-AA75F61944F0}.Pomona|Any CPU.Build.0 = Debug|Any CPU
		{52C77F59-3169-4559-8426-AA75F61944F0}.PortlandVoz|Any CPU.ActiveCfg = Debug|Any CPU
		{52C77F59-3169-4559-8426-AA75F61944F0}.PortlandVoz|Any CPU.Build.0 = Debug|Any CPU
		{52C77F59-3169-4559-8426-AA75F61944F0}.Release|Any CPU.ActiveCfg = Release|Any CPU
		{52C77F59-3169-4559-8426-AA75F61944F0}.Release|Any CPU.Build.0 = Release|Any CPU
		{52C77F59-3169-4559-8426-AA75F61944F0}.SanFrancisco|Any CPU.ActiveCfg = Debug|Any CPU
		{52C77F59-3169-4559-8426-AA75F61944F0}.SanFrancisco|Any CPU.Build.0 = Debug|Any CPU
		{52C77F59-3169-4559-8426-AA75F61944F0}.SantaCruz|Any CPU.ActiveCfg = Debug|Any CPU
		{52C77F59-3169-4559-8426-AA75F61944F0}.SantaCruz|Any CPU.Build.0 = Debug|Any CPU
		{52C77F59-3169-4559-8426-AA75F61944F0}.Southside|Any CPU.ActiveCfg = Debug|Any CPU
		{52C77F59-3169-4559-8426-AA75F61944F0}.Southside|Any CPU.Build.0 = Debug|Any CPU
		{52C77F59-3169-4559-8426-AA75F61944F0}.StageProd|Any CPU.ActiveCfg = Debug|Any CPU
		{52C77F59-3169-4559-8426-AA75F61944F0}.StageProd|Any CPU.Build.0 = Debug|Any CPU
		{52C77F59-3169-4559-8426-AA75F61944F0}.StageTest|Any CPU.ActiveCfg = Debug|Any CPU
		{52C77F59-3169-4559-8426-AA75F61944F0}.StageTest|Any CPU.Build.0 = Debug|Any CPU
		{52C77F59-3169-4559-8426-AA75F61944F0}.UAT-test|Any CPU.ActiveCfg = Debug|Any CPU
		{52C77F59-3169-4559-8426-AA75F61944F0}.UAT-test|Any CPU.Build.0 = Debug|Any CPU
		{52C77F59-3169-4559-8426-AA75F61944F0}.WindofSpirit|Any CPU.ActiveCfg = Debug|Any CPU
		{52C77F59-3169-4559-8426-AA75F61944F0}.WindofSpirit|Any CPU.Build.0 = Debug|Any CPU
		{52C77F59-3169-4559-8426-AA75F61944F0}.WorkersJustice|Any CPU.ActiveCfg = Debug|Any CPU
		{52C77F59-3169-4559-8426-AA75F61944F0}.WorkersJustice|Any CPU.Build.0 = Debug|Any CPU
		{70B4A313-80D2-48A5-8BB6-943E5E0993F6}.Alabama|Any CPU.ActiveCfg = Debug|Any CPU
		{70B4A313-80D2-48A5-8BB6-943E5E0993F6}.Alabama|Any CPU.Build.0 = Debug|Any CPU
		{70B4A313-80D2-48A5-8BB6-943E5E0993F6}.CasaLatina|Any CPU.ActiveCfg = Debug|Any CPU
		{70B4A313-80D2-48A5-8BB6-943E5E0993F6}.CasaLatina|Any CPU.Build.0 = Debug|Any CPU
		{70B4A313-80D2-48A5-8BB6-943E5E0993F6}.Cel|Any CPU.ActiveCfg = Debug|Any CPU
		{70B4A313-80D2-48A5-8BB6-943E5E0993F6}.Cel|Any CPU.Build.0 = Debug|Any CPU
		{70B4A313-80D2-48A5-8BB6-943E5E0993F6}.CentroHumanitario|Any CPU.ActiveCfg = Debug|Any CPU
		{70B4A313-80D2-48A5-8BB6-943E5E0993F6}.CentroHumanitario|Any CPU.Build.0 = Debug|Any CPU
		{70B4A313-80D2-48A5-8BB6-943E5E0993F6}.Concord|Any CPU.ActiveCfg = Debug|Any CPU
		{70B4A313-80D2-48A5-8BB6-943E5E0993F6}.Concord|Any CPU.Build.0 = Debug|Any CPU
		{70B4A313-80D2-48A5-8BB6-943E5E0993F6}.Congreso|Any CPU.ActiveCfg = Debug|Any CPU
		{70B4A313-80D2-48A5-8BB6-943E5E0993F6}.Congreso|Any CPU.Build.0 = Debug|Any CPU
		{70B4A313-80D2-48A5-8BB6-943E5E0993F6}.Debug|Any CPU.ActiveCfg = Debug|Any CPU
		{70B4A313-80D2-48A5-8BB6-943E5E0993F6}.Debug|Any CPU.Build.0 = Debug|Any CPU
		{70B4A313-80D2-48A5-8BB6-943E5E0993F6}.Debug-no_nodejs_build|Any CPU.ActiveCfg = Debug|Any CPU
		{70B4A313-80D2-48A5-8BB6-943E5E0993F6}.Debug-no_nodejs_build|Any CPU.Build.0 = Debug|Any CPU
		{70B4A313-80D2-48A5-8BB6-943E5E0993F6}.DonBosco|Any CPU.ActiveCfg = Debug|Any CPU
		{70B4A313-80D2-48A5-8BB6-943E5E0993F6}.DonBosco|Any CPU.Build.0 = Debug|Any CPU
		{70B4A313-80D2-48A5-8BB6-943E5E0993F6}.ElCentro|Any CPU.ActiveCfg = Debug|Any CPU
		{70B4A313-80D2-48A5-8BB6-943E5E0993F6}.ElCentro|Any CPU.Build.0 = Debug|Any CPU
		{70B4A313-80D2-48A5-8BB6-943E5E0993F6}.Graton|Any CPU.ActiveCfg = Debug|Any CPU
		{70B4A313-80D2-48A5-8BB6-943E5E0993F6}.Graton|Any CPU.Build.0 = Debug|Any CPU
		{70B4A313-80D2-48A5-8BB6-943E5E0993F6}.Hayward|Any CPU.ActiveCfg = Debug|Any CPU
		{70B4A313-80D2-48A5-8BB6-943E5E0993F6}.Hayward|Any CPU.Build.0 = Debug|Any CPU
		{70B4A313-80D2-48A5-8BB6-943E5E0993F6}.localIIS|Any CPU.ActiveCfg = Debug|Any CPU
		{70B4A313-80D2-48A5-8BB6-943E5E0993F6}.localIIS|Any CPU.Build.0 = Debug|Any CPU
		{70B4A313-80D2-48A5-8BB6-943E5E0993F6}.MountainView|Any CPU.ActiveCfg = Debug|Any CPU
		{70B4A313-80D2-48A5-8BB6-943E5E0993F6}.MountainView|Any CPU.Build.0 = Debug|Any CPU
		{70B4A313-80D2-48A5-8BB6-943E5E0993F6}.Nice|Any CPU.ActiveCfg = Debug|Any CPU
		{70B4A313-80D2-48A5-8BB6-943E5E0993F6}.Nice|Any CPU.Build.0 = Debug|Any CPU
		{70B4A313-80D2-48A5-8BB6-943E5E0993F6}.Pasadena|Any CPU.ActiveCfg = Debug|Any CPU
		{70B4A313-80D2-48A5-8BB6-943E5E0993F6}.Pasadena|Any CPU.Build.0 = Debug|Any CPU
		{70B4A313-80D2-48A5-8BB6-943E5E0993F6}.Pomona|Any CPU.ActiveCfg = Debug|Any CPU
		{70B4A313-80D2-48A5-8BB6-943E5E0993F6}.Pomona|Any CPU.Build.0 = Debug|Any CPU
		{70B4A313-80D2-48A5-8BB6-943E5E0993F6}.PortlandVoz|Any CPU.ActiveCfg = Debug|Any CPU
		{70B4A313-80D2-48A5-8BB6-943E5E0993F6}.PortlandVoz|Any CPU.Build.0 = Debug|Any CPU
		{70B4A313-80D2-48A5-8BB6-943E5E0993F6}.Release|Any CPU.ActiveCfg = Release|Any CPU
		{70B4A313-80D2-48A5-8BB6-943E5E0993F6}.Release|Any CPU.Build.0 = Release|Any CPU
		{70B4A313-80D2-48A5-8BB6-943E5E0993F6}.SanFrancisco|Any CPU.ActiveCfg = Debug|Any CPU
		{70B4A313-80D2-48A5-8BB6-943E5E0993F6}.SanFrancisco|Any CPU.Build.0 = Debug|Any CPU
		{70B4A313-80D2-48A5-8BB6-943E5E0993F6}.SantaCruz|Any CPU.ActiveCfg = Debug|Any CPU
		{70B4A313-80D2-48A5-8BB6-943E5E0993F6}.SantaCruz|Any CPU.Build.0 = Debug|Any CPU
		{70B4A313-80D2-48A5-8BB6-943E5E0993F6}.Southside|Any CPU.ActiveCfg = Debug|Any CPU
		{70B4A313-80D2-48A5-8BB6-943E5E0993F6}.Southside|Any CPU.Build.0 = Debug|Any CPU
		{70B4A313-80D2-48A5-8BB6-943E5E0993F6}.StageProd|Any CPU.ActiveCfg = Debug|Any CPU
		{70B4A313-80D2-48A5-8BB6-943E5E0993F6}.StageProd|Any CPU.Build.0 = Debug|Any CPU
		{70B4A313-80D2-48A5-8BB6-943E5E0993F6}.StageTest|Any CPU.ActiveCfg = Debug|Any CPU
		{70B4A313-80D2-48A5-8BB6-943E5E0993F6}.StageTest|Any CPU.Build.0 = Debug|Any CPU
		{70B4A313-80D2-48A5-8BB6-943E5E0993F6}.UAT-test|Any CPU.ActiveCfg = Debug|Any CPU
		{70B4A313-80D2-48A5-8BB6-943E5E0993F6}.UAT-test|Any CPU.Build.0 = Debug|Any CPU
		{70B4A313-80D2-48A5-8BB6-943E5E0993F6}.WindofSpirit|Any CPU.ActiveCfg = Debug|Any CPU
		{70B4A313-80D2-48A5-8BB6-943E5E0993F6}.WindofSpirit|Any CPU.Build.0 = Debug|Any CPU
		{70B4A313-80D2-48A5-8BB6-943E5E0993F6}.WorkersJustice|Any CPU.ActiveCfg = Debug|Any CPU
		{70B4A313-80D2-48A5-8BB6-943E5E0993F6}.WorkersJustice|Any CPU.Build.0 = Debug|Any CPU
		{2F0E5EE7-C345-4D92-B941-348DB8C955BF}.Alabama|Any CPU.ActiveCfg = Debug|Any CPU
		{2F0E5EE7-C345-4D92-B941-348DB8C955BF}.Alabama|Any CPU.Build.0 = Debug|Any CPU
		{2F0E5EE7-C345-4D92-B941-348DB8C955BF}.CasaLatina|Any CPU.ActiveCfg = Debug|Any CPU
		{2F0E5EE7-C345-4D92-B941-348DB8C955BF}.CasaLatina|Any CPU.Build.0 = Debug|Any CPU
		{2F0E5EE7-C345-4D92-B941-348DB8C955BF}.Cel|Any CPU.ActiveCfg = Debug|Any CPU
		{2F0E5EE7-C345-4D92-B941-348DB8C955BF}.Cel|Any CPU.Build.0 = Debug|Any CPU
		{2F0E5EE7-C345-4D92-B941-348DB8C955BF}.CentroHumanitario|Any CPU.ActiveCfg = Debug|Any CPU
		{2F0E5EE7-C345-4D92-B941-348DB8C955BF}.CentroHumanitario|Any CPU.Build.0 = Debug|Any CPU
		{2F0E5EE7-C345-4D92-B941-348DB8C955BF}.Concord|Any CPU.ActiveCfg = Debug|Any CPU
		{2F0E5EE7-C345-4D92-B941-348DB8C955BF}.Concord|Any CPU.Build.0 = Debug|Any CPU
		{2F0E5EE7-C345-4D92-B941-348DB8C955BF}.Congreso|Any CPU.ActiveCfg = Debug|Any CPU
		{2F0E5EE7-C345-4D92-B941-348DB8C955BF}.Congreso|Any CPU.Build.0 = Debug|Any CPU
		{2F0E5EE7-C345-4D92-B941-348DB8C955BF}.Debug|Any CPU.ActiveCfg = Debug|Any CPU
		{2F0E5EE7-C345-4D92-B941-348DB8C955BF}.Debug|Any CPU.Build.0 = Debug|Any CPU
		{2F0E5EE7-C345-4D92-B941-348DB8C955BF}.Debug-no_nodejs_build|Any CPU.ActiveCfg = Debug|Any CPU
		{2F0E5EE7-C345-4D92-B941-348DB8C955BF}.Debug-no_nodejs_build|Any CPU.Build.0 = Debug|Any CPU
		{2F0E5EE7-C345-4D92-B941-348DB8C955BF}.DonBosco|Any CPU.ActiveCfg = Debug|Any CPU
		{2F0E5EE7-C345-4D92-B941-348DB8C955BF}.DonBosco|Any CPU.Build.0 = Debug|Any CPU
		{2F0E5EE7-C345-4D92-B941-348DB8C955BF}.ElCentro|Any CPU.ActiveCfg = Debug|Any CPU
		{2F0E5EE7-C345-4D92-B941-348DB8C955BF}.ElCentro|Any CPU.Build.0 = Debug|Any CPU
		{2F0E5EE7-C345-4D92-B941-348DB8C955BF}.Graton|Any CPU.ActiveCfg = Debug|Any CPU
		{2F0E5EE7-C345-4D92-B941-348DB8C955BF}.Graton|Any CPU.Build.0 = Debug|Any CPU
		{2F0E5EE7-C345-4D92-B941-348DB8C955BF}.Hayward|Any CPU.ActiveCfg = Debug|Any CPU
		{2F0E5EE7-C345-4D92-B941-348DB8C955BF}.Hayward|Any CPU.Build.0 = Debug|Any CPU
		{2F0E5EE7-C345-4D92-B941-348DB8C955BF}.localIIS|Any CPU.ActiveCfg = Debug|Any CPU
		{2F0E5EE7-C345-4D92-B941-348DB8C955BF}.localIIS|Any CPU.Build.0 = Debug|Any CPU
		{2F0E5EE7-C345-4D92-B941-348DB8C955BF}.MountainView|Any CPU.ActiveCfg = Debug|Any CPU
		{2F0E5EE7-C345-4D92-B941-348DB8C955BF}.MountainView|Any CPU.Build.0 = Debug|Any CPU
		{2F0E5EE7-C345-4D92-B941-348DB8C955BF}.Nice|Any CPU.ActiveCfg = Debug|Any CPU
		{2F0E5EE7-C345-4D92-B941-348DB8C955BF}.Nice|Any CPU.Build.0 = Debug|Any CPU
		{2F0E5EE7-C345-4D92-B941-348DB8C955BF}.Pasadena|Any CPU.ActiveCfg = Debug|Any CPU
		{2F0E5EE7-C345-4D92-B941-348DB8C955BF}.Pasadena|Any CPU.Build.0 = Debug|Any CPU
		{2F0E5EE7-C345-4D92-B941-348DB8C955BF}.Pomona|Any CPU.ActiveCfg = Debug|Any CPU
		{2F0E5EE7-C345-4D92-B941-348DB8C955BF}.Pomona|Any CPU.Build.0 = Debug|Any CPU
		{2F0E5EE7-C345-4D92-B941-348DB8C955BF}.PortlandVoz|Any CPU.ActiveCfg = Debug|Any CPU
		{2F0E5EE7-C345-4D92-B941-348DB8C955BF}.PortlandVoz|Any CPU.Build.0 = Debug|Any CPU
		{2F0E5EE7-C345-4D92-B941-348DB8C955BF}.Release|Any CPU.ActiveCfg = Release|Any CPU
		{2F0E5EE7-C345-4D92-B941-348DB8C955BF}.Release|Any CPU.Build.0 = Release|Any CPU
		{2F0E5EE7-C345-4D92-B941-348DB8C955BF}.SanFrancisco|Any CPU.ActiveCfg = Debug|Any CPU
		{2F0E5EE7-C345-4D92-B941-348DB8C955BF}.SanFrancisco|Any CPU.Build.0 = Debug|Any CPU
		{2F0E5EE7-C345-4D92-B941-348DB8C955BF}.SantaCruz|Any CPU.ActiveCfg = Debug|Any CPU
		{2F0E5EE7-C345-4D92-B941-348DB8C955BF}.SantaCruz|Any CPU.Build.0 = Debug|Any CPU
		{2F0E5EE7-C345-4D92-B941-348DB8C955BF}.Southside|Any CPU.ActiveCfg = Debug|Any CPU
		{2F0E5EE7-C345-4D92-B941-348DB8C955BF}.Southside|Any CPU.Build.0 = Debug|Any CPU
		{2F0E5EE7-C345-4D92-B941-348DB8C955BF}.StageProd|Any CPU.ActiveCfg = Debug|Any CPU
		{2F0E5EE7-C345-4D92-B941-348DB8C955BF}.StageProd|Any CPU.Build.0 = Debug|Any CPU
		{2F0E5EE7-C345-4D92-B941-348DB8C955BF}.StageTest|Any CPU.ActiveCfg = Debug|Any CPU
		{2F0E5EE7-C345-4D92-B941-348DB8C955BF}.StageTest|Any CPU.Build.0 = Debug|Any CPU
		{2F0E5EE7-C345-4D92-B941-348DB8C955BF}.UAT-test|Any CPU.ActiveCfg = Debug|Any CPU
		{2F0E5EE7-C345-4D92-B941-348DB8C955BF}.UAT-test|Any CPU.Build.0 = Debug|Any CPU
		{2F0E5EE7-C345-4D92-B941-348DB8C955BF}.WindofSpirit|Any CPU.ActiveCfg = Debug|Any CPU
		{2F0E5EE7-C345-4D92-B941-348DB8C955BF}.WindofSpirit|Any CPU.Build.0 = Debug|Any CPU
		{2F0E5EE7-C345-4D92-B941-348DB8C955BF}.WorkersJustice|Any CPU.ActiveCfg = Debug|Any CPU
		{2F0E5EE7-C345-4D92-B941-348DB8C955BF}.WorkersJustice|Any CPU.Build.0 = Debug|Any CPU
	EndGlobalSection
	GlobalSection(SolutionProperties) = preSolution
		HideSolutionNode = FALSE
	EndGlobalSection
	GlobalSection(ExtensibilityGlobals) = postSolution
		SolutionGuid = {3A6B831E-3AEB-4936-8C04-262AD365A498}
	EndGlobalSection
EndGlobal
